// !$*UTF8*$!
{
	archiveVersion = 1;
	classes = {
	};
	objectVersion = 48;
	objects = {

/* Begin PBXBuildFile section */
		337BB49648F9130ED05444E9 /* Pods_JGPhotoBrowserDemo.framework in Frameworks */ = {isa = PBXBuildFile; fileRef = 4734013114FF4D687E3B3A4A /* Pods_JGPhotoBrowserDemo.framework */; };
		D4C9BC331FC868C3003D0976 /* JGPhotoBrowser.h in Headers */ = {isa = PBXBuildFile; fileRef = D4C9BC311FC868C3003D0976 /* JGPhotoBrowser.h */; settings = {ATTRIBUTES = (Public, ); }; };
		D4C9BC411FC8690F003D0976 /* AppDelegate.m in Sources */ = {isa = PBXBuildFile; fileRef = D4C9BC401FC8690F003D0976 /* AppDelegate.m */; };
		D4C9BC491FC8690F003D0976 /* Assets.xcassets in Resources */ = {isa = PBXBuildFile; fileRef = D4C9BC481FC8690F003D0976 /* Assets.xcassets */; };
		D4C9BC4C1FC8690F003D0976 /* LaunchScreen.storyboard in Resources */ = {isa = PBXBuildFile; fileRef = D4C9BC4A1FC8690F003D0976 /* LaunchScreen.storyboard */; };
		D4C9BC4F1FC8690F003D0976 /* main.m in Sources */ = {isa = PBXBuildFile; fileRef = D4C9BC4E1FC8690F003D0976 /* main.m */; };
		D4C9BC531FC86920003D0976 /* JGPhotoBrowser.framework in Frameworks */ = {isa = PBXBuildFile; fileRef = D4C9BC2E1FC868C3003D0976 /* JGPhotoBrowser.framework */; };
		D4C9BC541FC86920003D0976 /* JGPhotoBrowser.framework in Embed Frameworks */ = {isa = PBXBuildFile; fileRef = D4C9BC2E1FC868C3003D0976 /* JGPhotoBrowser.framework */; settings = {ATTRIBUTES = (CodeSignOnCopy, RemoveHeadersOnCopy, ); }; };
		D4C9BC5B1FC86954003D0976 /* JGPhotoBrowserDemo.m in Sources */ = {isa = PBXBuildFile; fileRef = D4C9BC5A1FC86954003D0976 /* JGPhotoBrowserDemo.m */; };
		D4C9BC5E1FC86968003D0976 /* JGPhotoBrowserDemoCell.m in Sources */ = {isa = PBXBuildFile; fileRef = D4C9BC5D1FC86968003D0976 /* JGPhotoBrowserDemoCell.m */; };
		D4C9BC631FC86A2A003D0976 /* JGPhoto.h in Headers */ = {isa = PBXBuildFile; fileRef = D4C9BC611FC86A2A003D0976 /* JGPhoto.h */; settings = {ATTRIBUTES = (Public, ); }; };
		D4C9BC641FC86A2A003D0976 /* JGPhoto.m in Sources */ = {isa = PBXBuildFile; fileRef = D4C9BC621FC86A2A003D0976 /* JGPhoto.m */; };
		D4C9BC691FC86A64003D0976 /* JGPhotoExtraBar.h in Headers */ = {isa = PBXBuildFile; fileRef = D4C9BC671FC86A64003D0976 /* JGPhotoExtraBar.h */; };
		D4C9BC6A1FC86A64003D0976 /* JGPhotoExtraBar.m in Sources */ = {isa = PBXBuildFile; fileRef = D4C9BC681FC86A64003D0976 /* JGPhotoExtraBar.m */; };
		D4C9BC6D1FC86A93003D0976 /* JGPhotoBrowserImpl.h in Headers */ = {isa = PBXBuildFile; fileRef = D4C9BC6B1FC86A93003D0976 /* JGPhotoBrowserImpl.h */; settings = {ATTRIBUTES = (Public, ); }; };
		D4C9BC6E1FC86A93003D0976 /* JGPhotoBrowserImpl.m in Sources */ = {isa = PBXBuildFile; fileRef = D4C9BC6C1FC86A93003D0976 /* JGPhotoBrowserImpl.m */; };
		D4C9BC711FC86AB5003D0976 /* JGPhotoProgressView.h in Headers */ = {isa = PBXBuildFile; fileRef = D4C9BC6F1FC86AB5003D0976 /* JGPhotoProgressView.h */; };
		D4C9BC721FC86AB5003D0976 /* JGPhotoProgressView.m in Sources */ = {isa = PBXBuildFile; fileRef = D4C9BC701FC86AB5003D0976 /* JGPhotoProgressView.m */; };
		D4C9BC751FC86AC4003D0976 /* JGPhotoStatusView.h in Headers */ = {isa = PBXBuildFile; fileRef = D4C9BC731FC86AC4003D0976 /* JGPhotoStatusView.h */; };
		D4C9BC761FC86AC4003D0976 /* JGPhotoStatusView.m in Sources */ = {isa = PBXBuildFile; fileRef = D4C9BC741FC86AC4003D0976 /* JGPhotoStatusView.m */; };
		D4C9BC791FC86AD1003D0976 /* JGPhotoToolbar.h in Headers */ = {isa = PBXBuildFile; fileRef = D4C9BC771FC86AD1003D0976 /* JGPhotoToolbar.h */; };
		D4C9BC7A1FC86AD1003D0976 /* JGPhotoToolbar.m in Sources */ = {isa = PBXBuildFile; fileRef = D4C9BC781FC86AD1003D0976 /* JGPhotoToolbar.m */; };
		D4C9BC7D1FC86AE4003D0976 /* JGPhotoView.h in Headers */ = {isa = PBXBuildFile; fileRef = D4C9BC7B1FC86AE4003D0976 /* JGPhotoView.h */; };
		D4C9BC7E1FC86AE4003D0976 /* JGPhotoView.m in Sources */ = {isa = PBXBuildFile; fileRef = D4C9BC7C1FC86AE4003D0976 /* JGPhotoView.m */; };
		DA508D58BB5D688CD182BE9D /* Pods_JGPhotoBrowser.framework in Frameworks */ = {isa = PBXBuildFile; fileRef = 9EC12AD138B0D06356217DBB /* Pods_JGPhotoBrowser.framework */; };
/* End PBXBuildFile section */

/* Begin PBXContainerItemProxy section */
		D4C9BC551FC86920003D0976 /* PBXContainerItemProxy */ = {
			isa = PBXContainerItemProxy;
			containerPortal = D4C9BC251FC868C3003D0976 /* Project object */;
			proxyType = 1;
			remoteGlobalIDString = D4C9BC2D1FC868C3003D0976;
			remoteInfo = JGPhotoBrowser;
		};
/* End PBXContainerItemProxy section */

/* Begin PBXCopyFilesBuildPhase section */
		D4C9BC571FC86920003D0976 /* Embed Frameworks */ = {
			isa = PBXCopyFilesBuildPhase;
			buildActionMask = 2147483647;
			dstPath = "";
			dstSubfolderSpec = 10;
			files = (
				D4C9BC541FC86920003D0976 /* JGPhotoBrowser.framework in Embed Frameworks */,
			);
			name = "Embed Frameworks";
			runOnlyForDeploymentPostprocessing = 0;
		};
/* End PBXCopyFilesBuildPhase section */

/* Begin PBXFileReference section */
		03E310F06AF0AA1B2B002D0D /* Pods-JGPhotoBrowser.debug.xcconfig */ = {isa = PBXFileReference; includeInIndex = 1; lastKnownFileType = text.xcconfig; name = "Pods-JGPhotoBrowser.debug.xcconfig"; path = "Pods/Target Support Files/Pods-JGPhotoBrowser/Pods-JGPhotoBrowser.debug.xcconfig"; sourceTree = "<group>"; };
		380F61052F8B6B8B553A1CC1 /* Pods-JGPhotoBrowserDemo.debug.xcconfig */ = {isa = PBXFileReference; includeInIndex = 1; lastKnownFileType = text.xcconfig; name = "Pods-JGPhotoBrowserDemo.debug.xcconfig"; path = "Pods/Target Support Files/Pods-JGPhotoBrowserDemo/Pods-JGPhotoBrowserDemo.debug.xcconfig"; sourceTree = "<group>"; };
		4734013114FF4D687E3B3A4A /* Pods_JGPhotoBrowserDemo.framework */ = {isa = PBXFileReference; explicitFileType = wrapper.framework; includeInIndex = 0; path = Pods_JGPhotoBrowserDemo.framework; sourceTree = BUILT_PRODUCTS_DIR; };
		8D729754F13BC94FDA2CAE3B /* Pods-JGPhotoBrowserDemo.release.xcconfig */ = {isa = PBXFileReference; includeInIndex = 1; lastKnownFileType = text.xcconfig; name = "Pods-JGPhotoBrowserDemo.release.xcconfig"; path = "Pods/Target Support Files/Pods-JGPhotoBrowserDemo/Pods-JGPhotoBrowserDemo.release.xcconfig"; sourceTree = "<group>"; };
		9EC12AD138B0D06356217DBB /* Pods_JGPhotoBrowser.framework */ = {isa = PBXFileReference; explicitFileType = wrapper.framework; includeInIndex = 0; path = Pods_JGPhotoBrowser.framework; sourceTree = BUILT_PRODUCTS_DIR; };
		D4C9BC2E1FC868C3003D0976 /* JGPhotoBrowser.framework */ = {isa = PBXFileReference; explicitFileType = wrapper.framework; includeInIndex = 0; path = JGPhotoBrowser.framework; sourceTree = BUILT_PRODUCTS_DIR; };
		D4C9BC311FC868C3003D0976 /* JGPhotoBrowser.h */ = {isa = PBXFileReference; lastKnownFileType = sourcecode.c.h; path = JGPhotoBrowser.h; sourceTree = "<group>"; };
		D4C9BC321FC868C3003D0976 /* Info.plist */ = {isa = PBXFileReference; lastKnownFileType = text.plist.xml; path = Info.plist; sourceTree = "<group>"; };
		D4C9BC3D1FC8690F003D0976 /* JGPhotoBrowserDemo.app */ = {isa = PBXFileReference; explicitFileType = wrapper.application; includeInIndex = 0; path = JGPhotoBrowserDemo.app; sourceTree = BUILT_PRODUCTS_DIR; };
		D4C9BC3F1FC8690F003D0976 /* AppDelegate.h */ = {isa = PBXFileReference; lastKnownFileType = sourcecode.c.h; path = AppDelegate.h; sourceTree = "<group>"; };
		D4C9BC401FC8690F003D0976 /* AppDelegate.m */ = {isa = PBXFileReference; lastKnownFileType = sourcecode.c.objc; path = AppDelegate.m; sourceTree = "<group>"; };
		D4C9BC481FC8690F003D0976 /* Assets.xcassets */ = {isa = PBXFileReference; lastKnownFileType = folder.assetcatalog; path = Assets.xcassets; sourceTree = "<group>"; };
		D4C9BC4B1FC8690F003D0976 /* Base */ = {isa = PBXFileReference; lastKnownFileType = file.storyboard; name = Base; path = Base.lproj/LaunchScreen.storyboard; sourceTree = "<group>"; };
		D4C9BC4D1FC8690F003D0976 /* Info.plist */ = {isa = PBXFileReference; lastKnownFileType = text.plist.xml; path = Info.plist; sourceTree = "<group>"; };
		D4C9BC4E1FC8690F003D0976 /* main.m */ = {isa = PBXFileReference; lastKnownFileType = sourcecode.c.objc; path = main.m; sourceTree = "<group>"; };
		D4C9BC591FC86954003D0976 /* JGPhotoBrowserDemo.h */ = {isa = PBXFileReference; lastKnownFileType = sourcecode.c.h; path = JGPhotoBrowserDemo.h; sourceTree = "<group>"; };
		D4C9BC5A1FC86954003D0976 /* JGPhotoBrowserDemo.m */ = {isa = PBXFileReference; lastKnownFileType = sourcecode.c.objc; path = JGPhotoBrowserDemo.m; sourceTree = "<group>"; };
		D4C9BC5C1FC86968003D0976 /* JGPhotoBrowserDemoCell.h */ = {isa = PBXFileReference; lastKnownFileType = sourcecode.c.h; path = JGPhotoBrowserDemoCell.h; sourceTree = "<group>"; };
		D4C9BC5D1FC86968003D0976 /* JGPhotoBrowserDemoCell.m */ = {isa = PBXFileReference; lastKnownFileType = sourcecode.c.objc; path = JGPhotoBrowserDemoCell.m; sourceTree = "<group>"; };
		D4C9BC5F1FC869B7003D0976 /* JGPhotoBrowser.podspec */ = {isa = PBXFileReference; lastKnownFileType = text; path = JGPhotoBrowser.podspec; sourceTree = "<group>"; };
		D4C9BC601FC869B7003D0976 /* README.md */ = {isa = PBXFileReference; lastKnownFileType = net.daringfireball.markdown; path = README.md; sourceTree = "<group>"; };
		D4C9BC611FC86A2A003D0976 /* JGPhoto.h */ = {isa = PBXFileReference; lastKnownFileType = sourcecode.c.h; path = JGPhoto.h; sourceTree = "<group>"; };
		D4C9BC621FC86A2A003D0976 /* JGPhoto.m */ = {isa = PBXFileReference; lastKnownFileType = sourcecode.c.objc; path = JGPhoto.m; sourceTree = "<group>"; };
		D4C9BC671FC86A64003D0976 /* JGPhotoExtraBar.h */ = {isa = PBXFileReference; lastKnownFileType = sourcecode.c.h; path = JGPhotoExtraBar.h; sourceTree = "<group>"; };
		D4C9BC681FC86A64003D0976 /* JGPhotoExtraBar.m */ = {isa = PBXFileReference; lastKnownFileType = sourcecode.c.objc; path = JGPhotoExtraBar.m; sourceTree = "<group>"; };
		D4C9BC6B1FC86A93003D0976 /* JGPhotoBrowserImpl.h */ = {isa = PBXFileReference; lastKnownFileType = sourcecode.c.h; path = JGPhotoBrowserImpl.h; sourceTree = "<group>"; };
		D4C9BC6C1FC86A93003D0976 /* JGPhotoBrowserImpl.m */ = {isa = PBXFileReference; lastKnownFileType = sourcecode.c.objc; path = JGPhotoBrowserImpl.m; sourceTree = "<group>"; };
		D4C9BC6F1FC86AB5003D0976 /* JGPhotoProgressView.h */ = {isa = PBXFileReference; lastKnownFileType = sourcecode.c.h; path = JGPhotoProgressView.h; sourceTree = "<group>"; };
		D4C9BC701FC86AB5003D0976 /* JGPhotoProgressView.m */ = {isa = PBXFileReference; lastKnownFileType = sourcecode.c.objc; path = JGPhotoProgressView.m; sourceTree = "<group>"; };
		D4C9BC731FC86AC4003D0976 /* JGPhotoStatusView.h */ = {isa = PBXFileReference; lastKnownFileType = sourcecode.c.h; path = JGPhotoStatusView.h; sourceTree = "<group>"; };
		D4C9BC741FC86AC4003D0976 /* JGPhotoStatusView.m */ = {isa = PBXFileReference; lastKnownFileType = sourcecode.c.objc; path = JGPhotoStatusView.m; sourceTree = "<group>"; };
		D4C9BC771FC86AD1003D0976 /* JGPhotoToolbar.h */ = {isa = PBXFileReference; lastKnownFileType = sourcecode.c.h; path = JGPhotoToolbar.h; sourceTree = "<group>"; };
		D4C9BC781FC86AD1003D0976 /* JGPhotoToolbar.m */ = {isa = PBXFileReference; lastKnownFileType = sourcecode.c.objc; path = JGPhotoToolbar.m; sourceTree = "<group>"; };
		D4C9BC7B1FC86AE4003D0976 /* JGPhotoView.h */ = {isa = PBXFileReference; lastKnownFileType = sourcecode.c.h; path = JGPhotoView.h; sourceTree = "<group>"; };
		D4C9BC7C1FC86AE4003D0976 /* JGPhotoView.m */ = {isa = PBXFileReference; lastKnownFileType = sourcecode.c.objc; path = JGPhotoView.m; sourceTree = "<group>"; };
		FFAEDB4313DDD1DA3F57F2DD /* Pods-JGPhotoBrowser.release.xcconfig */ = {isa = PBXFileReference; includeInIndex = 1; lastKnownFileType = text.xcconfig; name = "Pods-JGPhotoBrowser.release.xcconfig"; path = "Pods/Target Support Files/Pods-JGPhotoBrowser/Pods-JGPhotoBrowser.release.xcconfig"; sourceTree = "<group>"; };
/* End PBXFileReference section */

/* Begin PBXFrameworksBuildPhase section */
		D4C9BC2A1FC868C3003D0976 /* Frameworks */ = {
			isa = PBXFrameworksBuildPhase;
			buildActionMask = 2147483647;
			files = (
				DA508D58BB5D688CD182BE9D /* Pods_JGPhotoBrowser.framework in Frameworks */,
			);
			runOnlyForDeploymentPostprocessing = 0;
		};
		D4C9BC3A1FC8690F003D0976 /* Frameworks */ = {
			isa = PBXFrameworksBuildPhase;
			buildActionMask = 2147483647;
			files = (
				D4C9BC531FC86920003D0976 /* JGPhotoBrowser.framework in Frameworks */,
				337BB49648F9130ED05444E9 /* Pods_JGPhotoBrowserDemo.framework in Frameworks */,
			);
			runOnlyForDeploymentPostprocessing = 0;
		};
/* End PBXFrameworksBuildPhase section */

/* Begin PBXGroup section */
		45770CF97627CFDBB69CE355 /* Frameworks */ = {
			isa = PBXGroup;
			children = (
				9EC12AD138B0D06356217DBB /* Pods_JGPhotoBrowser.framework */,
				4734013114FF4D687E3B3A4A /* Pods_JGPhotoBrowserDemo.framework */,
			);
			name = Frameworks;
			sourceTree = "<group>";
		};
		9B87496016A836A034DB5F9A /* Pods */ = {
			isa = PBXGroup;
			children = (
				03E310F06AF0AA1B2B002D0D /* Pods-JGPhotoBrowser.debug.xcconfig */,
				FFAEDB4313DDD1DA3F57F2DD /* Pods-JGPhotoBrowser.release.xcconfig */,
				380F61052F8B6B8B553A1CC1 /* Pods-JGPhotoBrowserDemo.debug.xcconfig */,
				8D729754F13BC94FDA2CAE3B /* Pods-JGPhotoBrowserDemo.release.xcconfig */,
			);
			name = Pods;
			sourceTree = "<group>";
		};
		D4C9BC241FC868C3003D0976 = {
			isa = PBXGroup;
			children = (
				D4C9BC5F1FC869B7003D0976 /* JGPhotoBrowser.podspec */,
				D4C9BC601FC869B7003D0976 /* README.md */,
				D4C9BC301FC868C3003D0976 /* JGPhotoBrowser */,
				D4C9BC3E1FC8690F003D0976 /* JGPhotoBrowserDemo */,
				D4C9BC2F1FC868C3003D0976 /* Products */,
				9B87496016A836A034DB5F9A /* Pods */,
				45770CF97627CFDBB69CE355 /* Frameworks */,
			);
			sourceTree = "<group>";
		};
		D4C9BC2F1FC868C3003D0976 /* Products */ = {
			isa = PBXGroup;
			children = (
				D4C9BC2E1FC868C3003D0976 /* JGPhotoBrowser.framework */,
				D4C9BC3D1FC8690F003D0976 /* JGPhotoBrowserDemo.app */,
			);
			name = Products;
			sourceTree = "<group>";
		};
		D4C9BC301FC868C3003D0976 /* JGPhotoBrowser */ = {
			isa = PBXGroup;
			children = (
				D4C9BC321FC868C3003D0976 /* Info.plist */,
				D4C9BC611FC86A2A003D0976 /* JGPhoto.h */,
				D4C9BC621FC86A2A003D0976 /* JGPhoto.m */,
				D4C9BC311FC868C3003D0976 /* JGPhotoBrowser.h */,
				D4C9BC6B1FC86A93003D0976 /* JGPhotoBrowserImpl.h */,
				D4C9BC6C1FC86A93003D0976 /* JGPhotoBrowserImpl.m */,
				D4C9BC671FC86A64003D0976 /* JGPhotoExtraBar.h */,
				D4C9BC681FC86A64003D0976 /* JGPhotoExtraBar.m */,
				D4C9BC6F1FC86AB5003D0976 /* JGPhotoProgressView.h */,
				D4C9BC701FC86AB5003D0976 /* JGPhotoProgressView.m */,
				D4C9BC731FC86AC4003D0976 /* JGPhotoStatusView.h */,
				D4C9BC741FC86AC4003D0976 /* JGPhotoStatusView.m */,
				D4C9BC771FC86AD1003D0976 /* JGPhotoToolbar.h */,
				D4C9BC781FC86AD1003D0976 /* JGPhotoToolbar.m */,
				D4C9BC7B1FC86AE4003D0976 /* JGPhotoView.h */,
				D4C9BC7C1FC86AE4003D0976 /* JGPhotoView.m */,
			);
			path = JGPhotoBrowser;
			sourceTree = "<group>";
		};
		D4C9BC3E1FC8690F003D0976 /* JGPhotoBrowserDemo */ = {
			isa = PBXGroup;
			children = (
				D4C9BC581FC8693D003D0976 /* Classes */,
				D4C9BC3F1FC8690F003D0976 /* AppDelegate.h */,
				D4C9BC401FC8690F003D0976 /* AppDelegate.m */,
				D4C9BC481FC8690F003D0976 /* Assets.xcassets */,
				D4C9BC4A1FC8690F003D0976 /* LaunchScreen.storyboard */,
				D4C9BC4D1FC8690F003D0976 /* Info.plist */,
				D4C9BC4E1FC8690F003D0976 /* main.m */,
			);
			path = JGPhotoBrowserDemo;
			sourceTree = "<group>";
		};
		D4C9BC581FC8693D003D0976 /* Classes */ = {
			isa = PBXGroup;
			children = (
				D4C9BC591FC86954003D0976 /* JGPhotoBrowserDemo.h */,
				D4C9BC5A1FC86954003D0976 /* JGPhotoBrowserDemo.m */,
				D4C9BC5C1FC86968003D0976 /* JGPhotoBrowserDemoCell.h */,
				D4C9BC5D1FC86968003D0976 /* JGPhotoBrowserDemoCell.m */,
			);
			path = Classes;
			sourceTree = "<group>";
		};
/* End PBXGroup section */

/* Begin PBXHeadersBuildPhase section */
		D4C9BC2B1FC868C3003D0976 /* Headers */ = {
			isa = PBXHeadersBuildPhase;
			buildActionMask = 2147483647;
			files = (
				D4C9BC711FC86AB5003D0976 /* JGPhotoProgressView.h in Headers */,
				D4C9BC7D1FC86AE4003D0976 /* JGPhotoView.h in Headers */,
				D4C9BC751FC86AC4003D0976 /* JGPhotoStatusView.h in Headers */,
				D4C9BC791FC86AD1003D0976 /* JGPhotoToolbar.h in Headers */,
				D4C9BC631FC86A2A003D0976 /* JGPhoto.h in Headers */,
				D4C9BC691FC86A64003D0976 /* JGPhotoExtraBar.h in Headers */,
				D4C9BC331FC868C3003D0976 /* JGPhotoBrowser.h in Headers */,
				D4C9BC6D1FC86A93003D0976 /* JGPhotoBrowserImpl.h in Headers */,
			);
			runOnlyForDeploymentPostprocessing = 0;
		};
/* End PBXHeadersBuildPhase section */

/* Begin PBXNativeTarget section */
		D4C9BC2D1FC868C3003D0976 /* JGPhotoBrowser */ = {
			isa = PBXNativeTarget;
			buildConfigurationList = D4C9BC361FC868C3003D0976 /* Build configuration list for PBXNativeTarget "JGPhotoBrowser" */;
			buildPhases = (
				73B7F60A6DD447F4974FA499 /* [CP] Check Pods Manifest.lock */,
				D4C9BC291FC868C3003D0976 /* Sources */,
				D4C9BC2A1FC868C3003D0976 /* Frameworks */,
				D4C9BC2B1FC868C3003D0976 /* Headers */,
				D4C9BC2C1FC868C3003D0976 /* Resources */,
				957E66BB494C75314C47C450 /* [CP] Copy Pods Resources */,
			);
			buildRules = (
			);
			dependencies = (
			);
			name = JGPhotoBrowser;
			productName = JGPhotoBrowser;
			productReference = D4C9BC2E1FC868C3003D0976 /* JGPhotoBrowser.framework */;
			productType = "com.apple.product-type.framework";
		};
		D4C9BC3C1FC8690F003D0976 /* JGPhotoBrowserDemo */ = {
			isa = PBXNativeTarget;
			buildConfigurationList = D4C9BC501FC8690F003D0976 /* Build configuration list for PBXNativeTarget "JGPhotoBrowserDemo" */;
			buildPhases = (
				A909068B3E69C71AC2B80524 /* [CP] Check Pods Manifest.lock */,
				D4C9BC391FC8690F003D0976 /* Sources */,
				D4C9BC3A1FC8690F003D0976 /* Frameworks */,
				D4C9BC3B1FC8690F003D0976 /* Resources */,
				D4C9BC571FC86920003D0976 /* Embed Frameworks */,
				E75E2AEF4E4F74A270431FD0 /* [CP] Embed Pods Frameworks */,
				7230ABDC328E298F61E61F89 /* [CP] Copy Pods Resources */,
			);
			buildRules = (
			);
			dependencies = (
				D4C9BC561FC86920003D0976 /* PBXTargetDependency */,
			);
			name = JGPhotoBrowserDemo;
			productName = JGPhotoBrowserDemo;
			productReference = D4C9BC3D1FC8690F003D0976 /* JGPhotoBrowserDemo.app */;
			productType = "com.apple.product-type.application";
		};
/* End PBXNativeTarget section */

/* Begin PBXProject section */
		D4C9BC251FC868C3003D0976 /* Project object */ = {
			isa = PBXProject;
			attributes = {
				LastUpgradeCheck = 0910;
				ORGANIZATIONNAME = MeiJigao;
				TargetAttributes = {
					D4C9BC2D1FC868C3003D0976 = {
						CreatedOnToolsVersion = 9.1;
						ProvisioningStyle = Automatic;
					};
					D4C9BC3C1FC8690F003D0976 = {
						CreatedOnToolsVersion = 9.1;
						ProvisioningStyle = Automatic;
					};
				};
			};
			buildConfigurationList = D4C9BC281FC868C3003D0976 /* Build configuration list for PBXProject "JGPhotoBrowser" */;
			compatibilityVersion = "Xcode 8.0";
			developmentRegion = en;
			hasScannedForEncodings = 0;
			knownRegions = (
				en,
				Base,
			);
			mainGroup = D4C9BC241FC868C3003D0976;
			productRefGroup = D4C9BC2F1FC868C3003D0976 /* Products */;
			projectDirPath = "";
			projectRoot = "";
			targets = (
				D4C9BC2D1FC868C3003D0976 /* JGPhotoBrowser */,
				D4C9BC3C1FC8690F003D0976 /* JGPhotoBrowserDemo */,
			);
		};
/* End PBXProject section */

/* Begin PBXResourcesBuildPhase section */
		D4C9BC2C1FC868C3003D0976 /* Resources */ = {
			isa = PBXResourcesBuildPhase;
			buildActionMask = 2147483647;
			files = (
			);
			runOnlyForDeploymentPostprocessing = 0;
		};
		D4C9BC3B1FC8690F003D0976 /* Resources */ = {
			isa = PBXResourcesBuildPhase;
			buildActionMask = 2147483647;
			files = (
				D4C9BC4C1FC8690F003D0976 /* LaunchScreen.storyboard in Resources */,
				D4C9BC491FC8690F003D0976 /* Assets.xcassets in Resources */,
			);
			runOnlyForDeploymentPostprocessing = 0;
		};
/* End PBXResourcesBuildPhase section */

/* Begin PBXShellScriptBuildPhase section */
		7230ABDC328E298F61E61F89 /* [CP] Copy Pods Resources */ = {
			isa = PBXShellScriptBuildPhase;
			buildActionMask = 2147483647;
			files = (
			);
			inputPaths = (
			);
			name = "[CP] Copy Pods Resources";
			outputPaths = (
			);
			runOnlyForDeploymentPostprocessing = 0;
			shellPath = /bin/sh;
			shellScript = "\"${SRCROOT}/Pods/Target Support Files/Pods-JGPhotoBrowserDemo/Pods-JGPhotoBrowserDemo-resources.sh\"\n";
			showEnvVarsInLog = 0;
		};
		73B7F60A6DD447F4974FA499 /* [CP] Check Pods Manifest.lock */ = {
			isa = PBXShellScriptBuildPhase;
			buildActionMask = 2147483647;
			files = (
			);
			inputPaths = (
				"${PODS_PODFILE_DIR_PATH}/Podfile.lock",
				"${PODS_ROOT}/Manifest.lock",
			);
			name = "[CP] Check Pods Manifest.lock";
			outputPaths = (
				"$(DERIVED_FILE_DIR)/Pods-JGPhotoBrowser-checkManifestLockResult.txt",
			);
			runOnlyForDeploymentPostprocessing = 0;
			shellPath = /bin/sh;
			shellScript = "diff \"${PODS_PODFILE_DIR_PATH}/Podfile.lock\" \"${PODS_ROOT}/Manifest.lock\" > /dev/null\nif [ $? != 0 ] ; then\n    # print error to STDERR\n    echo \"error: The sandbox is not in sync with the Podfile.lock. Run 'pod install' or update your CocoaPods installation.\" >&2\n    exit 1\nfi\n# This output is used by Xcode 'outputs' to avoid re-running this script phase.\necho \"SUCCESS\" > \"${SCRIPT_OUTPUT_FILE_0}\"\n";
			showEnvVarsInLog = 0;
		};
		957E66BB494C75314C47C450 /* [CP] Copy Pods Resources */ = {
			isa = PBXShellScriptBuildPhase;
			buildActionMask = 2147483647;
			files = (
			);
			inputPaths = (
			);
			name = "[CP] Copy Pods Resources";
			outputPaths = (
			);
			runOnlyForDeploymentPostprocessing = 0;
			shellPath = /bin/sh;
			shellScript = "\"${SRCROOT}/Pods/Target Support Files/Pods-JGPhotoBrowser/Pods-JGPhotoBrowser-resources.sh\"\n";
			showEnvVarsInLog = 0;
		};
		A909068B3E69C71AC2B80524 /* [CP] Check Pods Manifest.lock */ = {
			isa = PBXShellScriptBuildPhase;
			buildActionMask = 2147483647;
			files = (
			);
			inputPaths = (
				"${PODS_PODFILE_DIR_PATH}/Podfile.lock",
				"${PODS_ROOT}/Manifest.lock",
			);
			name = "[CP] Check Pods Manifest.lock";
			outputPaths = (
				"$(DERIVED_FILE_DIR)/Pods-JGPhotoBrowserDemo-checkManifestLockResult.txt",
			);
			runOnlyForDeploymentPostprocessing = 0;
			shellPath = /bin/sh;
			shellScript = "diff \"${PODS_PODFILE_DIR_PATH}/Podfile.lock\" \"${PODS_ROOT}/Manifest.lock\" > /dev/null\nif [ $? != 0 ] ; then\n    # print error to STDERR\n    echo \"error: The sandbox is not in sync with the Podfile.lock. Run 'pod install' or update your CocoaPods installation.\" >&2\n    exit 1\nfi\n# This output is used by Xcode 'outputs' to avoid re-running this script phase.\necho \"SUCCESS\" > \"${SCRIPT_OUTPUT_FILE_0}\"\n";
			showEnvVarsInLog = 0;
		};
		E75E2AEF4E4F74A270431FD0 /* [CP] Embed Pods Frameworks */ = {
			isa = PBXShellScriptBuildPhase;
			buildActionMask = 2147483647;
			files = (
			);
			inputPaths = (
				"${SRCROOT}/Pods/Target Support Files/Pods-JGPhotoBrowserDemo/Pods-JGPhotoBrowserDemo-frameworks.sh",
				"${BUILT_PRODUCTS_DIR}/FLAnimatedImage/FLAnimatedImage.framework",
				"${BUILT_PRODUCTS_DIR}/JGSourceBase/JGSourceBase.framework",
				"${BUILT_PRODUCTS_DIR}/SDWebImage/SDWebImage.framework",
			);
			name = "[CP] Embed Pods Frameworks";
			outputPaths = (
				"${TARGET_BUILD_DIR}/${FRAMEWORKS_FOLDER_PATH}/FLAnimatedImage.framework",
				"${TARGET_BUILD_DIR}/${FRAMEWORKS_FOLDER_PATH}/JGSourceBase.framework",
				"${TARGET_BUILD_DIR}/${FRAMEWORKS_FOLDER_PATH}/SDWebImage.framework",
			);
			runOnlyForDeploymentPostprocessing = 0;
			shellPath = /bin/sh;
			shellScript = "\"${SRCROOT}/Pods/Target Support Files/Pods-JGPhotoBrowserDemo/Pods-JGPhotoBrowserDemo-frameworks.sh\"\n";
			showEnvVarsInLog = 0;
		};
/* End PBXShellScriptBuildPhase section */

/* Begin PBXSourcesBuildPhase section */
		D4C9BC291FC868C3003D0976 /* Sources */ = {
			isa = PBXSourcesBuildPhase;
			buildActionMask = 2147483647;
			files = (
				D4C9BC6E1FC86A93003D0976 /* JGPhotoBrowserImpl.m in Sources */,
				D4C9BC7E1FC86AE4003D0976 /* JGPhotoView.m in Sources */,
				D4C9BC6A1FC86A64003D0976 /* JGPhotoExtraBar.m in Sources */,
				D4C9BC641FC86A2A003D0976 /* JGPhoto.m in Sources */,
				D4C9BC761FC86AC4003D0976 /* JGPhotoStatusView.m in Sources */,
				D4C9BC721FC86AB5003D0976 /* JGPhotoProgressView.m in Sources */,
				D4C9BC7A1FC86AD1003D0976 /* JGPhotoToolbar.m in Sources */,
			);
			runOnlyForDeploymentPostprocessing = 0;
		};
		D4C9BC391FC8690F003D0976 /* Sources */ = {
			isa = PBXSourcesBuildPhase;
			buildActionMask = 2147483647;
			files = (
				D4C9BC4F1FC8690F003D0976 /* main.m in Sources */,
				D4C9BC5B1FC86954003D0976 /* JGPhotoBrowserDemo.m in Sources */,
				D4C9BC411FC8690F003D0976 /* AppDelegate.m in Sources */,
				D4C9BC5E1FC86968003D0976 /* JGPhotoBrowserDemoCell.m in Sources */,
			);
			runOnlyForDeploymentPostprocessing = 0;
		};
/* End PBXSourcesBuildPhase section */

/* Begin PBXTargetDependency section */
		D4C9BC561FC86920003D0976 /* PBXTargetDependency */ = {
			isa = PBXTargetDependency;
			target = D4C9BC2D1FC868C3003D0976 /* JGPhotoBrowser */;
			targetProxy = D4C9BC551FC86920003D0976 /* PBXContainerItemProxy */;
		};
/* End PBXTargetDependency section */

/* Begin PBXVariantGroup section */
		D4C9BC4A1FC8690F003D0976 /* LaunchScreen.storyboard */ = {
			isa = PBXVariantGroup;
			children = (
				D4C9BC4B1FC8690F003D0976 /* Base */,
			);
			name = LaunchScreen.storyboard;
			sourceTree = "<group>";
		};
/* End PBXVariantGroup section */

/* Begin XCBuildConfiguration section */
		D4C9BC341FC868C3003D0976 /* Debug */ = {
			isa = XCBuildConfiguration;
			buildSettings = {
				ALWAYS_SEARCH_USER_PATHS = NO;
				CLANG_ANALYZER_NONNULL = YES;
				CLANG_ANALYZER_NUMBER_OBJECT_CONVERSION = YES_AGGRESSIVE;
				CLANG_CXX_LANGUAGE_STANDARD = "gnu++14";
				CLANG_CXX_LIBRARY = "libc++";
				CLANG_ENABLE_MODULES = YES;
				CLANG_ENABLE_OBJC_ARC = YES;
				CLANG_WARN_BLOCK_CAPTURE_AUTORELEASING = YES;
				CLANG_WARN_BOOL_CONVERSION = YES;
				CLANG_WARN_COMMA = YES;
				CLANG_WARN_CONSTANT_CONVERSION = YES;
				CLANG_WARN_DIRECT_OBJC_ISA_USAGE = YES_ERROR;
				CLANG_WARN_DOCUMENTATION_COMMENTS = YES;
				CLANG_WARN_EMPTY_BODY = YES;
				CLANG_WARN_ENUM_CONVERSION = YES;
				CLANG_WARN_INFINITE_RECURSION = YES;
				CLANG_WARN_INT_CONVERSION = YES;
				CLANG_WARN_NON_LITERAL_NULL_CONVERSION = YES;
				CLANG_WARN_OBJC_LITERAL_CONVERSION = YES;
				CLANG_WARN_OBJC_ROOT_CLASS = YES_ERROR;
				CLANG_WARN_RANGE_LOOP_ANALYSIS = YES;
				CLANG_WARN_STRICT_PROTOTYPES = YES;
				CLANG_WARN_SUSPICIOUS_MOVE = YES;
				CLANG_WARN_UNGUARDED_AVAILABILITY = YES_AGGRESSIVE;
				CLANG_WARN_UNREACHABLE_CODE = YES;
				CLANG_WARN__DUPLICATE_METHOD_MATCH = YES;
				CODE_SIGN_IDENTITY = "iPhone Developer";
				COPY_PHASE_STRIP = NO;
				CURRENT_PROJECT_VERSION = 1;
				DEBUG_INFORMATION_FORMAT = dwarf;
				ENABLE_STRICT_OBJC_MSGSEND = YES;
				ENABLE_TESTABILITY = YES;
				GCC_C_LANGUAGE_STANDARD = gnu11;
				GCC_DYNAMIC_NO_PIC = NO;
				GCC_NO_COMMON_BLOCKS = YES;
				GCC_OPTIMIZATION_LEVEL = 0;
				GCC_PREPROCESSOR_DEFINITIONS = (
					"DEBUG=1",
					"$(inherited)",
				);
				GCC_WARN_64_TO_32_BIT_CONVERSION = YES;
				GCC_WARN_ABOUT_RETURN_TYPE = YES_ERROR;
				GCC_WARN_UNDECLARED_SELECTOR = YES;
				GCC_WARN_UNINITIALIZED_AUTOS = YES_AGGRESSIVE;
				GCC_WARN_UNUSED_FUNCTION = YES;
				GCC_WARN_UNUSED_VARIABLE = YES;
				IPHONEOS_DEPLOYMENT_TARGET = 8.0;
				MTL_ENABLE_DEBUG_INFO = YES;
				ONLY_ACTIVE_ARCH = YES;
				SDKROOT = iphoneos;
				VERSIONING_SYSTEM = "apple-generic";
				VERSION_INFO_PREFIX = "";
			};
			name = Debug;
		};
		D4C9BC351FC868C3003D0976 /* Release */ = {
			isa = XCBuildConfiguration;
			buildSettings = {
				ALWAYS_SEARCH_USER_PATHS = NO;
				CLANG_ANALYZER_NONNULL = YES;
				CLANG_ANALYZER_NUMBER_OBJECT_CONVERSION = YES_AGGRESSIVE;
				CLANG_CXX_LANGUAGE_STANDARD = "gnu++14";
				CLANG_CXX_LIBRARY = "libc++";
				CLANG_ENABLE_MODULES = YES;
				CLANG_ENABLE_OBJC_ARC = YES;
				CLANG_WARN_BLOCK_CAPTURE_AUTORELEASING = YES;
				CLANG_WARN_BOOL_CONVERSION = YES;
				CLANG_WARN_COMMA = YES;
				CLANG_WARN_CONSTANT_CONVERSION = YES;
				CLANG_WARN_DIRECT_OBJC_ISA_USAGE = YES_ERROR;
				CLANG_WARN_DOCUMENTATION_COMMENTS = YES;
				CLANG_WARN_EMPTY_BODY = YES;
				CLANG_WARN_ENUM_CONVERSION = YES;
				CLANG_WARN_INFINITE_RECURSION = YES;
				CLANG_WARN_INT_CONVERSION = YES;
				CLANG_WARN_NON_LITERAL_NULL_CONVERSION = YES;
				CLANG_WARN_OBJC_LITERAL_CONVERSION = YES;
				CLANG_WARN_OBJC_ROOT_CLASS = YES_ERROR;
				CLANG_WARN_RANGE_LOOP_ANALYSIS = YES;
				CLANG_WARN_STRICT_PROTOTYPES = YES;
				CLANG_WARN_SUSPICIOUS_MOVE = YES;
				CLANG_WARN_UNGUARDED_AVAILABILITY = YES_AGGRESSIVE;
				CLANG_WARN_UNREACHABLE_CODE = YES;
				CLANG_WARN__DUPLICATE_METHOD_MATCH = YES;
				CODE_SIGN_IDENTITY = "iPhone Developer";
				COPY_PHASE_STRIP = NO;
				CURRENT_PROJECT_VERSION = 1;
				DEBUG_INFORMATION_FORMAT = "dwarf-with-dsym";
				ENABLE_NS_ASSERTIONS = NO;
				ENABLE_STRICT_OBJC_MSGSEND = YES;
				GCC_C_LANGUAGE_STANDARD = gnu11;
				GCC_NO_COMMON_BLOCKS = YES;
				GCC_WARN_64_TO_32_BIT_CONVERSION = YES;
				GCC_WARN_ABOUT_RETURN_TYPE = YES_ERROR;
				GCC_WARN_UNDECLARED_SELECTOR = YES;
				GCC_WARN_UNINITIALIZED_AUTOS = YES_AGGRESSIVE;
				GCC_WARN_UNUSED_FUNCTION = YES;
				GCC_WARN_UNUSED_VARIABLE = YES;
				IPHONEOS_DEPLOYMENT_TARGET = 8.0;
				MTL_ENABLE_DEBUG_INFO = NO;
				SDKROOT = iphoneos;
				VALIDATE_PRODUCT = YES;
				VERSIONING_SYSTEM = "apple-generic";
				VERSION_INFO_PREFIX = "";
			};
			name = Release;
		};
		D4C9BC371FC868C3003D0976 /* Debug */ = {
			isa = XCBuildConfiguration;
			baseConfigurationReference = 03E310F06AF0AA1B2B002D0D /* Pods-JGPhotoBrowser.debug.xcconfig */;
			buildSettings = {
				CODE_SIGN_IDENTITY = "";
				CODE_SIGN_STYLE = Automatic;
				DEFINES_MODULE = YES;
				DEVELOPMENT_TEAM = Z28L6TKG58;
				DYLIB_COMPATIBILITY_VERSION = 1;
				DYLIB_CURRENT_VERSION = 1;
				DYLIB_INSTALL_NAME_BASE = "@rpath";
				INFOPLIST_FILE = JGPhotoBrowser/Info.plist;
				INSTALL_PATH = "$(LOCAL_LIBRARY_DIR)/Frameworks";
				LD_RUNPATH_SEARCH_PATHS = "$(inherited) @executable_path/Frameworks @loader_path/Frameworks";
				PRODUCT_BUNDLE_IDENTIFIER = com.MeiJigao.JGPhotoBrowser;
				PRODUCT_NAME = "$(TARGET_NAME:c99extidentifier)";
				SKIP_INSTALL = YES;
				TARGETED_DEVICE_FAMILY = "1,2";
			};
			name = Debug;
		};
		D4C9BC381FC868C3003D0976 /* Release */ = {
			isa = XCBuildConfiguration;
			baseConfigurationReference = FFAEDB4313DDD1DA3F57F2DD /* Pods-JGPhotoBrowser.release.xcconfig */;
			buildSettings = {
				CODE_SIGN_IDENTITY = "";
				CODE_SIGN_STYLE = Automatic;
				DEFINES_MODULE = YES;
				DEVELOPMENT_TEAM = Z28L6TKG58;
				DYLIB_COMPATIBILITY_VERSION = 1;
				DYLIB_CURRENT_VERSION = 1;
				DYLIB_INSTALL_NAME_BASE = "@rpath";
				INFOPLIST_FILE = JGPhotoBrowser/Info.plist;
				INSTALL_PATH = "$(LOCAL_LIBRARY_DIR)/Frameworks";
				LD_RUNPATH_SEARCH_PATHS = "$(inherited) @executable_path/Frameworks @loader_path/Frameworks";
				PRODUCT_BUNDLE_IDENTIFIER = com.MeiJigao.JGPhotoBrowser;
				PRODUCT_NAME = "$(TARGET_NAME:c99extidentifier)";
				SKIP_INSTALL = YES;
				TARGETED_DEVICE_FAMILY = "1,2";
			};
			name = Release;
		};
		D4C9BC511FC8690F003D0976 /* Debug */ = {
			isa = XCBuildConfiguration;
			baseConfigurationReference = 380F61052F8B6B8B553A1CC1 /* Pods-JGPhotoBrowserDemo.debug.xcconfig */;
			buildSettings = {
				ASSETCATALOG_COMPILER_APPICON_NAME = AppIcon;
				CODE_SIGN_STYLE = Automatic;
				DEVELOPMENT_TEAM = Z28L6TKG58;
				INFOPLIST_FILE = JGPhotoBrowserDemo/Info.plist;
				IPHONEOS_DEPLOYMENT_TARGET = 11.1;
				LD_RUNPATH_SEARCH_PATHS = "$(inherited) @executable_path/Frameworks";
				PRODUCT_BUNDLE_IDENTIFIER = com.MeiJigao.JGPhotoBrowserDemo;
				PRODUCT_NAME = "$(TARGET_NAME)";
				TARGETED_DEVICE_FAMILY = "1,2";
			};
			name = Debug;
		};
		D4C9BC521FC8690F003D0976 /* Release */ = {
			isa = XCBuildConfiguration;
			baseConfigurationReference = 8D729754F13BC94FDA2CAE3B /* Pods-JGPhotoBrowserDemo.release.xcconfig */;
			buildSettings = {
				ASSETCATALOG_COMPILER_APPICON_NAME = AppIcon;
				CODE_SIGN_STYLE = Automatic;
				DEVELOPMENT_TEAM = Z28L6TKG58;
				INFOPLIST_FILE = JGPhotoBrowserDemo/Info.plist;
				IPHONEOS_DEPLOYMENT_TARGET = 11.1;
				LD_RUNPATH_SEARCH_PATHS = "$(inherited) @executable_path/Frameworks";
				PRODUCT_BUNDLE_IDENTIFIER = com.MeiJigao.JGPhotoBrowserDemo;
				PRODUCT_NAME = "$(TARGET_NAME)";
				TARGETED_DEVICE_FAMILY = "1,2";
			};
			name = Release;
		};
/* End XCBuildConfiguration section */

/* Begin XCConfigurationList section */
		D4C9BC281FC868C3003D0976 /* Build configuration list for PBXProject "JGPhotoBrowser" */ = {
			isa = XCConfigurationList;
			buildConfigurations = (
				D4C9BC341FC868C3003D0976 /* Debug */,
				D4C9BC351FC868C3003D0976 /* Release */,
			);
			defaultConfigurationIsVisible = 0;
			defaultConfigurationName = Release;
		};
		D4C9BC361FC868C3003D0976 /* Build configuration list for PBXNativeTarget "JGPhotoBrowser" */ = {
			isa = XCConfigurationList;
			buildConfigurations = (
				D4C9BC371FC868C3003D0976 /* Debug */,
				D4C9BC381FC868C3003D0976 /* Release */,
			);
			defaultConfigurationIsVisible = 0;
			defaultConfigurationName = Release;
		};
		D4C9BC501FC8690F003D0976 /* Build configuration list for PBXNativeTarget "JGPhotoBrowserDemo" */ = {
			isa = XCConfigurationList;
			buildConfigurations = (
				D4C9BC511FC8690F003D0976 /* Debug */,
				D4C9BC521FC8690F003D0976 /* Release */,
			);
			defaultConfigurationIsVisible = 0;
			defaultConfigurationName = Release;
		};
/* End XCConfigurationList section */
	};
	rootObject = D4C9BC251FC868C3003D0976 /* Project object */;
}
