PODS:
  - JGPhotoBrowser (2.1.0):
    - JGSourceBase (~> 1.1.0)
    - SDWebImage (~> 5.10.0)
  - JGSourceBase (1.1.0):
    - JGSourceBase/AlertController (= 1.1.0)
    - JGSourceBase/Base (= 1.1.0)
    - JGSourceBase/Category (= 1.1.0)
  - JGSourceBase/AlertController (1.1.0):
    - JGSourceBase/Base
  - JGSourceBase/Base (1.1.0)
  - JGSourceBase/Category (1.1.0):
    - JGSourceBase/Base
  - SDWebImage (5.10.2):
    - SDWebImage/Core (= 5.10.2)
  - SDWebImage/Core (5.10.2)

DEPENDENCIES:
  - JGPhotoBrowser (from `.`)

SPEC REPOS:
  https://mirrors.tuna.tsinghua.edu.cn/git/CocoaPods/Specs.git:
    - JGSourceBase
    - SDWebImage

EXTERNAL SOURCES:
  JGPhotoBrowser:
    :path: "."

SPEC CHECKSUMS:
  JGPhotoBrowser: 8da3d7a421c6599125cd89b887c4cea248d00e14
  JGSourceBase: 345a8d73d7017ea0433a7ce4a579e86fae282378
  SDWebImage: b969dcfc02c40a5da71eac0b03b8f1a0c794a86f

PODFILE CHECKSUM: d8bf9aa771467eaa75a46c9a9811c0afb184b500

COCOAPODS: 1.9.3
