PODS:
  - FLAnimatedImage (1.0.12)
  - JGSourceBase (0.0.2)
  - SDWebImage (4.2.2):
    - SDWebImage/Core (= 4.2.2)
  - SDWebImage/Core (4.2.2)
  - SDWebImage/GIF (4.2.2):
    - FLAnimatedImage (~> 1.0)
    - SDWebImage/Core

DEPENDENCIES:
  - JGSourceBase (~> 0.0.2)
  - SDWebImage (~> 4.2.2)
  - SDWebImage/GIF

SPEC CHECKSUMS:
  FLAnimatedImage: 4a0b56255d9b05f18b6dd7ee06871be5d3b89e31
  JGSourceBase: f2fbf6b122fac4bca3f12edf549cc9f4e1f3c96a
  SDWebImage: 89a9d32cd520bbb46eb14e541d5109b3564af198

PODFILE CHECKSUM: 3a27ad1625384ffe124ce274e4f48a31071aa3d8

COCOAPODS: 1.3.1
