// !$*UTF8*$!
{
	archiveVersion = 1;
	classes = {
	};
	objectVersion = 46;
	objects = {

/* Begin PBXBuildFile section */
		37A431F901F241AA0912201A /* libPods-JGPhotoBrowser.a in Frameworks */ = {isa = PBXBuildFile; fileRef = F4C7105F282569E11B9C4F7D /* libPods-JGPhotoBrowser.a */; };
		D4568B641EC2AE1D00C77BA5 /* main.m in Sources */ = {isa = PBXBuildFile; fileRef = D4568B631EC2AE1D00C77BA5 /* main.m */; };
		D4568B671EC2AE1D00C77BA5 /* AppDelegate.m in Sources */ = {isa = PBXBuildFile; fileRef = D4568B661EC2AE1D00C77BA5 /* AppDelegate.m */; };
		D4568B6D1EC2AE1D00C77BA5 /* Main.storyboard in Resources */ = {isa = PBXBuildFile; fileRef = D4568B6B1EC2AE1D00C77BA5 /* Main.storyboard */; };
		D4568B6F1EC2AE1D00C77BA5 /* Assets.xcassets in Resources */ = {isa = PBXBuildFile; fileRef = D4568B6E1EC2AE1D00C77BA5 /* Assets.xcassets */; };
		D4568B721EC2AE1D00C77BA5 /* LaunchScreen.storyboard in Resources */ = {isa = PBXBuildFile; fileRef = D4568B701EC2AE1D00C77BA5 /* LaunchScreen.storyboard */; };
		D4568B921EC2AF4100C77BA5 /* CollectionViewCell.m in Sources */ = {isa = PBXBuildFile; fileRef = D4568B811EC2AF4100C77BA5 /* CollectionViewCell.m */; };
		D4568B931EC2AF4100C77BA5 /* CollectionViewController.m in Sources */ = {isa = PBXBuildFile; fileRef = D4568B831EC2AF4100C77BA5 /* CollectionViewController.m */; };
		D4BBAA811EC4416300699D9C /* JGPhoto.m in Sources */ = {isa = PBXBuildFile; fileRef = D4BBAA751EC4416300699D9C /* JGPhoto.m */; };
		D4BBAA821EC4416300699D9C /* JGPhotoBrowser.bundle in Resources */ = {isa = PBXBuildFile; fileRef = D4BBAA761EC4416300699D9C /* JGPhotoBrowser.bundle */; };
		D4BBAA831EC4416300699D9C /* JGPhotoBrowser.m in Sources */ = {isa = PBXBuildFile; fileRef = D4BBAA781EC4416300699D9C /* JGPhotoBrowser.m */; };
		D4BBAA841EC4416300699D9C /* JGPhotoLoadingView.m in Sources */ = {isa = PBXBuildFile; fileRef = D4BBAA7A1EC4416300699D9C /* JGPhotoLoadingView.m */; };
		D4BBAA851EC4416300699D9C /* JGPhotoProgressView.m in Sources */ = {isa = PBXBuildFile; fileRef = D4BBAA7C1EC4416300699D9C /* JGPhotoProgressView.m */; };
		D4BBAA861EC4416300699D9C /* JGPhotoToolbar.m in Sources */ = {isa = PBXBuildFile; fileRef = D4BBAA7E1EC4416300699D9C /* JGPhotoToolbar.m */; };
		D4BBAA871EC4416300699D9C /* JGPhotoView.m in Sources */ = {isa = PBXBuildFile; fileRef = D4BBAA801EC4416300699D9C /* JGPhotoView.m */; };
/* End PBXBuildFile section */

/* Begin PBXFileReference section */
		29F02964E8CF5026109BB0A1 /* Pods-JGPhotoBrowser.release.xcconfig */ = {isa = PBXFileReference; includeInIndex = 1; lastKnownFileType = text.xcconfig; name = "Pods-JGPhotoBrowser.release.xcconfig"; path = "../Pods/Target Support Files/Pods-JGPhotoBrowser/Pods-JGPhotoBrowser.release.xcconfig"; sourceTree = "<group>"; };
		3180A63F7C35011739D1AA18 /* Pods-JGPhotoBrowser.debug.xcconfig */ = {isa = PBXFileReference; includeInIndex = 1; lastKnownFileType = text.xcconfig; name = "Pods-JGPhotoBrowser.debug.xcconfig"; path = "../Pods/Target Support Files/Pods-JGPhotoBrowser/Pods-JGPhotoBrowser.debug.xcconfig"; sourceTree = "<group>"; };
		D4568B5F1EC2AE1D00C77BA5 /* JGPhotoBrowser.app */ = {isa = PBXFileReference; explicitFileType = wrapper.application; includeInIndex = 0; path = JGPhotoBrowser.app; sourceTree = BUILT_PRODUCTS_DIR; };
		D4568B631EC2AE1D00C77BA5 /* main.m */ = {isa = PBXFileReference; lastKnownFileType = sourcecode.c.objc; path = main.m; sourceTree = "<group>"; };
		D4568B651EC2AE1D00C77BA5 /* AppDelegate.h */ = {isa = PBXFileReference; lastKnownFileType = sourcecode.c.h; path = AppDelegate.h; sourceTree = "<group>"; };
		D4568B661EC2AE1D00C77BA5 /* AppDelegate.m */ = {isa = PBXFileReference; lastKnownFileType = sourcecode.c.objc; path = AppDelegate.m; sourceTree = "<group>"; };
		D4568B6C1EC2AE1D00C77BA5 /* Base */ = {isa = PBXFileReference; lastKnownFileType = file.storyboard; name = Base; path = Base.lproj/Main.storyboard; sourceTree = "<group>"; };
		D4568B6E1EC2AE1D00C77BA5 /* Assets.xcassets */ = {isa = PBXFileReference; lastKnownFileType = folder.assetcatalog; path = Assets.xcassets; sourceTree = "<group>"; };
		D4568B711EC2AE1D00C77BA5 /* Base */ = {isa = PBXFileReference; lastKnownFileType = file.storyboard; name = Base; path = Base.lproj/LaunchScreen.storyboard; sourceTree = "<group>"; };
		D4568B731EC2AE1D00C77BA5 /* Info.plist */ = {isa = PBXFileReference; lastKnownFileType = text.plist.xml; path = Info.plist; sourceTree = "<group>"; };
		D4568B801EC2AF4100C77BA5 /* CollectionViewCell.h */ = {isa = PBXFileReference; fileEncoding = 4; lastKnownFileType = sourcecode.c.h; path = CollectionViewCell.h; sourceTree = "<group>"; };
		D4568B811EC2AF4100C77BA5 /* CollectionViewCell.m */ = {isa = PBXFileReference; fileEncoding = 4; lastKnownFileType = sourcecode.c.objc; path = CollectionViewCell.m; sourceTree = "<group>"; };
		D4568B821EC2AF4100C77BA5 /* CollectionViewController.h */ = {isa = PBXFileReference; fileEncoding = 4; lastKnownFileType = sourcecode.c.h; path = CollectionViewController.h; sourceTree = "<group>"; };
		D4568B831EC2AF4100C77BA5 /* CollectionViewController.m */ = {isa = PBXFileReference; fileEncoding = 4; lastKnownFileType = sourcecode.c.objc; path = CollectionViewController.m; sourceTree = "<group>"; };
		D4BBAA741EC4416300699D9C /* JGPhoto.h */ = {isa = PBXFileReference; fileEncoding = 4; lastKnownFileType = sourcecode.c.h; path = JGPhoto.h; sourceTree = "<group>"; };
		D4BBAA751EC4416300699D9C /* JGPhoto.m */ = {isa = PBXFileReference; fileEncoding = 4; lastKnownFileType = sourcecode.c.objc; path = JGPhoto.m; sourceTree = "<group>"; };
		D4BBAA761EC4416300699D9C /* JGPhotoBrowser.bundle */ = {isa = PBXFileReference; lastKnownFileType = "wrapper.plug-in"; path = JGPhotoBrowser.bundle; sourceTree = "<group>"; };
		D4BBAA771EC4416300699D9C /* JGPhotoBrowser.h */ = {isa = PBXFileReference; fileEncoding = 4; lastKnownFileType = sourcecode.c.h; path = JGPhotoBrowser.h; sourceTree = "<group>"; };
		D4BBAA781EC4416300699D9C /* JGPhotoBrowser.m */ = {isa = PBXFileReference; fileEncoding = 4; lastKnownFileType = sourcecode.c.objc; path = JGPhotoBrowser.m; sourceTree = "<group>"; };
		D4BBAA791EC4416300699D9C /* JGPhotoLoadingView.h */ = {isa = PBXFileReference; fileEncoding = 4; lastKnownFileType = sourcecode.c.h; path = JGPhotoLoadingView.h; sourceTree = "<group>"; };
		D4BBAA7A1EC4416300699D9C /* JGPhotoLoadingView.m */ = {isa = PBXFileReference; fileEncoding = 4; lastKnownFileType = sourcecode.c.objc; path = JGPhotoLoadingView.m; sourceTree = "<group>"; };
		D4BBAA7B1EC4416300699D9C /* JGPhotoProgressView.h */ = {isa = PBXFileReference; fileEncoding = 4; lastKnownFileType = sourcecode.c.h; path = JGPhotoProgressView.h; sourceTree = "<group>"; };
		D4BBAA7C1EC4416300699D9C /* JGPhotoProgressView.m */ = {isa = PBXFileReference; fileEncoding = 4; lastKnownFileType = sourcecode.c.objc; path = JGPhotoProgressView.m; sourceTree = "<group>"; };
		D4BBAA7D1EC4416300699D9C /* JGPhotoToolbar.h */ = {isa = PBXFileReference; fileEncoding = 4; lastKnownFileType = sourcecode.c.h; path = JGPhotoToolbar.h; sourceTree = "<group>"; };
		D4BBAA7E1EC4416300699D9C /* JGPhotoToolbar.m */ = {isa = PBXFileReference; fileEncoding = 4; lastKnownFileType = sourcecode.c.objc; path = JGPhotoToolbar.m; sourceTree = "<group>"; };
		D4BBAA7F1EC4416300699D9C /* JGPhotoView.h */ = {isa = PBXFileReference; fileEncoding = 4; lastKnownFileType = sourcecode.c.h; path = JGPhotoView.h; sourceTree = "<group>"; };
		D4BBAA801EC4416300699D9C /* JGPhotoView.m */ = {isa = PBXFileReference; fileEncoding = 4; lastKnownFileType = sourcecode.c.objc; path = JGPhotoView.m; sourceTree = "<group>"; };
		F4C7105F282569E11B9C4F7D /* libPods-JGPhotoBrowser.a */ = {isa = PBXFileReference; explicitFileType = archive.ar; includeInIndex = 0; path = "libPods-JGPhotoBrowser.a"; sourceTree = BUILT_PRODUCTS_DIR; };
/* End PBXFileReference section */

/* Begin PBXFrameworksBuildPhase section */
		D4568B5C1EC2AE1D00C77BA5 /* Frameworks */ = {
			isa = PBXFrameworksBuildPhase;
			buildActionMask = 2147483647;
			files = (
				37A431F901F241AA0912201A /* libPods-JGPhotoBrowser.a in Frameworks */,
			);
			runOnlyForDeploymentPostprocessing = 0;
		};
/* End PBXFrameworksBuildPhase section */

/* Begin PBXGroup section */
		41277877A7A1BA97ECE56B95 /* Frameworks */ = {
			isa = PBXGroup;
			children = (
				F4C7105F282569E11B9C4F7D /* libPods-JGPhotoBrowser.a */,
			);
			name = Frameworks;
			sourceTree = "<group>";
		};
		D4568B561EC2AE1D00C77BA5 = {
			isa = PBXGroup;
			children = (
				D4568B611EC2AE1D00C77BA5 /* JGPhotoBrowser */,
				D4568B601EC2AE1D00C77BA5 /* Products */,
				F5DD8A895CBB42350980A714 /* Pods */,
				41277877A7A1BA97ECE56B95 /* Frameworks */,
			);
			sourceTree = "<group>";
		};
		D4568B601EC2AE1D00C77BA5 /* Products */ = {
			isa = PBXGroup;
			children = (
				D4568B5F1EC2AE1D00C77BA5 /* JGPhotoBrowser.app */,
			);
			name = Products;
			sourceTree = "<group>";
		};
		D4568B611EC2AE1D00C77BA5 /* JGPhotoBrowser */ = {
			isa = PBXGroup;
			children = (
				D4BBAA731EC4416300699D9C /* SourceFiles */,
				D4568B7F1EC2AF4100C77BA5 /* Classes */,
				D4568B651EC2AE1D00C77BA5 /* AppDelegate.h */,
				D4568B661EC2AE1D00C77BA5 /* AppDelegate.m */,
				D4568B701EC2AE1D00C77BA5 /* LaunchScreen.storyboard */,
				D4568B6E1EC2AE1D00C77BA5 /* Assets.xcassets */,
				D4568B6B1EC2AE1D00C77BA5 /* Main.storyboard */,
				D4568B731EC2AE1D00C77BA5 /* Info.plist */,
				D4568B621EC2AE1D00C77BA5 /* Supporting Files */,
			);
			path = JGPhotoBrowser;
			sourceTree = "<group>";
		};
		D4568B621EC2AE1D00C77BA5 /* Supporting Files */ = {
			isa = PBXGroup;
			children = (
				D4568B631EC2AE1D00C77BA5 /* main.m */,
			);
			name = "Supporting Files";
			sourceTree = "<group>";
		};
		D4568B7F1EC2AF4100C77BA5 /* Classes */ = {
			isa = PBXGroup;
			children = (
				D4568B801EC2AF4100C77BA5 /* CollectionViewCell.h */,
				D4568B811EC2AF4100C77BA5 /* CollectionViewCell.m */,
				D4568B821EC2AF4100C77BA5 /* CollectionViewController.h */,
				D4568B831EC2AF4100C77BA5 /* CollectionViewController.m */,
			);
			path = Classes;
			sourceTree = "<group>";
		};
		D4BBAA731EC4416300699D9C /* SourceFiles */ = {
			isa = PBXGroup;
			children = (
				D4BBAA741EC4416300699D9C /* JGPhoto.h */,
				D4BBAA751EC4416300699D9C /* JGPhoto.m */,
				D4BBAA761EC4416300699D9C /* JGPhotoBrowser.bundle */,
				D4BBAA771EC4416300699D9C /* JGPhotoBrowser.h */,
				D4BBAA781EC4416300699D9C /* JGPhotoBrowser.m */,
				D4BBAA791EC4416300699D9C /* JGPhotoLoadingView.h */,
				D4BBAA7A1EC4416300699D9C /* JGPhotoLoadingView.m */,
				D4BBAA7B1EC4416300699D9C /* JGPhotoProgressView.h */,
				D4BBAA7C1EC4416300699D9C /* JGPhotoProgressView.m */,
				D4BBAA7D1EC4416300699D9C /* JGPhotoToolbar.h */,
				D4BBAA7E1EC4416300699D9C /* JGPhotoToolbar.m */,
				D4BBAA7F1EC4416300699D9C /* JGPhotoView.h */,
				D4BBAA801EC4416300699D9C /* JGPhotoView.m */,
			);
			name = SourceFiles;
			path = ../../SourceFiles;
			sourceTree = "<group>";
		};
		F5DD8A895CBB42350980A714 /* Pods */ = {
			isa = PBXGroup;
			children = (
				3180A63F7C35011739D1AA18 /* Pods-JGPhotoBrowser.debug.xcconfig */,
				29F02964E8CF5026109BB0A1 /* Pods-JGPhotoBrowser.release.xcconfig */,
			);
			name = Pods;
			sourceTree = "<group>";
		};
/* End PBXGroup section */

/* Begin PBXNativeTarget section */
		D4568B5E1EC2AE1D00C77BA5 /* JGPhotoBrowser */ = {
			isa = PBXNativeTarget;
			buildConfigurationList = D4568B761EC2AE1D00C77BA5 /* Build configuration list for PBXNativeTarget "JGPhotoBrowser" */;
			buildPhases = (
				B7A48754FEAA199970D12559 /* [CP] Check Pods Manifest.lock */,
				D4568B5B1EC2AE1D00C77BA5 /* Sources */,
				D4568B5C1EC2AE1D00C77BA5 /* Frameworks */,
				D4568B5D1EC2AE1D00C77BA5 /* Resources */,
				A1B8F9E2F2931B4971FB8D11 /* [CP] Embed Pods Frameworks */,
				FCF13FA9F7E9F0836B2B3245 /* [CP] Copy Pods Resources */,
			);
			buildRules = (
			);
			dependencies = (
			);
			name = JGPhotoBrowser;
			productName = JGPhotoBrowser;
			productReference = D4568B5F1EC2AE1D00C77BA5 /* JGPhotoBrowser.app */;
			productType = "com.apple.product-type.application";
		};
/* End PBXNativeTarget section */

/* Begin PBXProject section */
		D4568B571EC2AE1D00C77BA5 /* Project object */ = {
			isa = PBXProject;
			attributes = {
				LastUpgradeCheck = 0830;
				ORGANIZATIONNAME = MEETStudio;
				TargetAttributes = {
					D4568B5E1EC2AE1D00C77BA5 = {
						CreatedOnToolsVersion = 8.3.2;
						ProvisioningStyle = Automatic;
					};
				};
			};
			buildConfigurationList = D4568B5A1EC2AE1D00C77BA5 /* Build configuration list for PBXProject "JGPhotoBrowser" */;
			compatibilityVersion = "Xcode 3.2";
			developmentRegion = English;
			hasScannedForEncodings = 0;
			knownRegions = (
				en,
				Base,
			);
			mainGroup = D4568B561EC2AE1D00C77BA5;
			productRefGroup = D4568B601EC2AE1D00C77BA5 /* Products */;
			projectDirPath = "";
			projectRoot = "";
			targets = (
				D4568B5E1EC2AE1D00C77BA5 /* JGPhotoBrowser */,
			);
		};
/* End PBXProject section */

/* Begin PBXResourcesBuildPhase section */
		D4568B5D1EC2AE1D00C77BA5 /* Resources */ = {
			isa = PBXResourcesBuildPhase;
			buildActionMask = 2147483647;
			files = (
				D4BBAA821EC4416300699D9C /* JGPhotoBrowser.bundle in Resources */,
				D4568B721EC2AE1D00C77BA5 /* LaunchScreen.storyboard in Resources */,
				D4568B6F1EC2AE1D00C77BA5 /* Assets.xcassets in Resources */,
				D4568B6D1EC2AE1D00C77BA5 /* Main.storyboard in Resources */,
			);
			runOnlyForDeploymentPostprocessing = 0;
		};
/* End PBXResourcesBuildPhase section */

/* Begin PBXShellScriptBuildPhase section */
		A1B8F9E2F2931B4971FB8D11 /* [CP] Embed Pods Frameworks */ = {
			isa = PBXShellScriptBuildPhase;
			buildActionMask = 2147483647;
			files = (
			);
			inputPaths = (
			);
			name = "[CP] Embed Pods Frameworks";
			outputPaths = (
			);
			runOnlyForDeploymentPostprocessing = 0;
			shellPath = /bin/sh;
			shellScript = "\"${SRCROOT}/../Pods/Target Support Files/Pods-JGPhotoBrowser/Pods-JGPhotoBrowser-frameworks.sh\"\n";
			showEnvVarsInLog = 0;
		};
		B7A48754FEAA199970D12559 /* [CP] Check Pods Manifest.lock */ = {
			isa = PBXShellScriptBuildPhase;
			buildActionMask = 2147483647;
			files = (
			);
			inputPaths = (
			);
			name = "[CP] Check Pods Manifest.lock";
			outputPaths = (
			);
			runOnlyForDeploymentPostprocessing = 0;
			shellPath = /bin/sh;
			shellScript = "diff \"${PODS_PODFILE_DIR_PATH}/Podfile.lock\" \"${PODS_ROOT}/Manifest.lock\" > /dev/null\nif [ $? != 0 ] ; then\n    # print error to STDERR\n    echo \"error: The sandbox is not in sync with the Podfile.lock. Run 'pod install' or update your CocoaPods installation.\" >&2\n    exit 1\nfi\n";
			showEnvVarsInLog = 0;
		};
		FCF13FA9F7E9F0836B2B3245 /* [CP] Copy Pods Resources */ = {
			isa = PBXShellScriptBuildPhase;
			buildActionMask = 2147483647;
			files = (
			);
			inputPaths = (
			);
			name = "[CP] Copy Pods Resources";
			outputPaths = (
			);
			runOnlyForDeploymentPostprocessing = 0;
			shellPath = /bin/sh;
			shellScript = "\"${SRCROOT}/../Pods/Target Support Files/Pods-JGPhotoBrowser/Pods-JGPhotoBrowser-resources.sh\"\n";
			showEnvVarsInLog = 0;
		};
/* End PBXShellScriptBuildPhase section */

/* Begin PBXSourcesBuildPhase section */
		D4568B5B1EC2AE1D00C77BA5 /* Sources */ = {
			isa = PBXSourcesBuildPhase;
			buildActionMask = 2147483647;
			files = (
				D4BBAA871EC4416300699D9C /* JGPhotoView.m in Sources */,
				D4BBAA841EC4416300699D9C /* JGPhotoLoadingView.m in Sources */,
				D4BBAA831EC4416300699D9C /* JGPhotoBrowser.m in Sources */,
				D4568B931EC2AF4100C77BA5 /* CollectionViewController.m in Sources */,
				D4BBAA851EC4416300699D9C /* JGPhotoProgressView.m in Sources */,
				D4BBAA811EC4416300699D9C /* JGPhoto.m in Sources */,
				D4568B921EC2AF4100C77BA5 /* CollectionViewCell.m in Sources */,
				D4568B671EC2AE1D00C77BA5 /* AppDelegate.m in Sources */,
				D4568B641EC2AE1D00C77BA5 /* main.m in Sources */,
				D4BBAA861EC4416300699D9C /* JGPhotoToolbar.m in Sources */,
			);
			runOnlyForDeploymentPostprocessing = 0;
		};
/* End PBXSourcesBuildPhase section */

/* Begin PBXVariantGroup section */
		D4568B6B1EC2AE1D00C77BA5 /* Main.storyboard */ = {
			isa = PBXVariantGroup;
			children = (
				D4568B6C1EC2AE1D00C77BA5 /* Base */,
			);
			name = Main.storyboard;
			sourceTree = "<group>";
		};
		D4568B701EC2AE1D00C77BA5 /* LaunchScreen.storyboard */ = {
			isa = PBXVariantGroup;
			children = (
				D4568B711EC2AE1D00C77BA5 /* Base */,
			);
			name = LaunchScreen.storyboard;
			sourceTree = "<group>";
		};
/* End PBXVariantGroup section */

/* Begin XCBuildConfiguration section */
		D4568B741EC2AE1D00C77BA5 /* Debug */ = {
			isa = XCBuildConfiguration;
			buildSettings = {
				ALWAYS_SEARCH_USER_PATHS = NO;
				CLANG_ANALYZER_NONNULL = YES;
				CLANG_ANALYZER_NUMBER_OBJECT_CONVERSION = YES_AGGRESSIVE;
				CLANG_CXX_LANGUAGE_STANDARD = "gnu++0x";
				CLANG_CXX_LIBRARY = "libc++";
				CLANG_ENABLE_MODULES = YES;
				CLANG_ENABLE_OBJC_ARC = YES;
				CLANG_WARN_BOOL_CONVERSION = YES;
				CLANG_WARN_CONSTANT_CONVERSION = YES;
				CLANG_WARN_DIRECT_OBJC_ISA_USAGE = YES_ERROR;
				CLANG_WARN_DOCUMENTATION_COMMENTS = YES;
				CLANG_WARN_EMPTY_BODY = YES;
				CLANG_WARN_ENUM_CONVERSION = YES;
				CLANG_WARN_INFINITE_RECURSION = YES;
				CLANG_WARN_INT_CONVERSION = YES;
				CLANG_WARN_OBJC_ROOT_CLASS = YES_ERROR;
				CLANG_WARN_SUSPICIOUS_MOVE = YES;
				CLANG_WARN_UNREACHABLE_CODE = YES;
				CLANG_WARN__DUPLICATE_METHOD_MATCH = YES;
				"CODE_SIGN_IDENTITY[sdk=iphoneos*]" = "iPhone Developer";
				COPY_PHASE_STRIP = NO;
				DEBUG_INFORMATION_FORMAT = dwarf;
				ENABLE_STRICT_OBJC_MSGSEND = YES;
				ENABLE_TESTABILITY = YES;
				GCC_C_LANGUAGE_STANDARD = gnu99;
				GCC_DYNAMIC_NO_PIC = NO;
				GCC_NO_COMMON_BLOCKS = YES;
				GCC_OPTIMIZATION_LEVEL = 0;
				GCC_PREPROCESSOR_DEFINITIONS = (
					"DEBUG=1",
					"$(inherited)",
				);
				GCC_WARN_64_TO_32_BIT_CONVERSION = YES;
				GCC_WARN_ABOUT_RETURN_TYPE = YES_ERROR;
				GCC_WARN_UNDECLARED_SELECTOR = YES;
				GCC_WARN_UNINITIALIZED_AUTOS = YES_AGGRESSIVE;
				GCC_WARN_UNUSED_FUNCTION = YES;
				GCC_WARN_UNUSED_VARIABLE = YES;
				IPHONEOS_DEPLOYMENT_TARGET = 7.0;
				MTL_ENABLE_DEBUG_INFO = YES;
				ONLY_ACTIVE_ARCH = YES;
				SDKROOT = iphoneos;
			};
			name = Debug;
		};
		D4568B751EC2AE1D00C77BA5 /* Release */ = {
			isa = XCBuildConfiguration;
			buildSettings = {
				ALWAYS_SEARCH_USER_PATHS = NO;
				CLANG_ANALYZER_NONNULL = YES;
				CLANG_ANALYZER_NUMBER_OBJECT_CONVERSION = YES_AGGRESSIVE;
				CLANG_CXX_LANGUAGE_STANDARD = "gnu++0x";
				CLANG_CXX_LIBRARY = "libc++";
				CLANG_ENABLE_MODULES = YES;
				CLANG_ENABLE_OBJC_ARC = YES;
				CLANG_WARN_BOOL_CONVERSION = YES;
				CLANG_WARN_CONSTANT_CONVERSION = YES;
				CLANG_WARN_DIRECT_OBJC_ISA_USAGE = YES_ERROR;
				CLANG_WARN_DOCUMENTATION_COMMENTS = YES;
				CLANG_WARN_EMPTY_BODY = YES;
				CLANG_WARN_ENUM_CONVERSION = YES;
				CLANG_WARN_INFINITE_RECURSION = YES;
				CLANG_WARN_INT_CONVERSION = YES;
				CLANG_WARN_OBJC_ROOT_CLASS = YES_ERROR;
				CLANG_WARN_SUSPICIOUS_MOVE = YES;
				CLANG_WARN_UNREACHABLE_CODE = YES;
				CLANG_WARN__DUPLICATE_METHOD_MATCH = YES;
				"CODE_SIGN_IDENTITY[sdk=iphoneos*]" = "iPhone Developer";
				COPY_PHASE_STRIP = NO;
				DEBUG_INFORMATION_FORMAT = "dwarf-with-dsym";
				ENABLE_NS_ASSERTIONS = NO;
				ENABLE_STRICT_OBJC_MSGSEND = YES;
				GCC_C_LANGUAGE_STANDARD = gnu99;
				GCC_NO_COMMON_BLOCKS = YES;
				GCC_WARN_64_TO_32_BIT_CONVERSION = YES;
				GCC_WARN_ABOUT_RETURN_TYPE = YES_ERROR;
				GCC_WARN_UNDECLARED_SELECTOR = YES;
				GCC_WARN_UNINITIALIZED_AUTOS = YES_AGGRESSIVE;
				GCC_WARN_UNUSED_FUNCTION = YES;
				GCC_WARN_UNUSED_VARIABLE = YES;
				IPHONEOS_DEPLOYMENT_TARGET = 7.0;
				MTL_ENABLE_DEBUG_INFO = NO;
				SDKROOT = iphoneos;
				VALIDATE_PRODUCT = YES;
			};
			name = Release;
		};
		D4568B771EC2AE1D00C77BA5 /* Debug */ = {
			isa = XCBuildConfiguration;
			baseConfigurationReference = 3180A63F7C35011739D1AA18 /* Pods-JGPhotoBrowser.debug.xcconfig */;
			buildSettings = {
				ASSETCATALOG_COMPILER_APPICON_NAME = AppIcon;
				INFOPLIST_FILE = JGPhotoBrowser/Info.plist;
				LD_RUNPATH_SEARCH_PATHS = "$(inherited) @executable_path/Frameworks";
				PRODUCT_BUNDLE_IDENTIFIER = com.meetstudio.JGPhotoBrowser;
				PRODUCT_NAME = "$(TARGET_NAME)";
			};
			name = Debug;
		};
		D4568B781EC2AE1D00C77BA5 /* Release */ = {
			isa = XCBuildConfiguration;
			baseConfigurationReference = 29F02964E8CF5026109BB0A1 /* Pods-JGPhotoBrowser.release.xcconfig */;
			buildSettings = {
				ASSETCATALOG_COMPILER_APPICON_NAME = AppIcon;
				INFOPLIST_FILE = JGPhotoBrowser/Info.plist;
				LD_RUNPATH_SEARCH_PATHS = "$(inherited) @executable_path/Frameworks";
				PRODUCT_BUNDLE_IDENTIFIER = com.meetstudio.JGPhotoBrowser;
				PRODUCT_NAME = "$(TARGET_NAME)";
			};
			name = Release;
		};
/* End XCBuildConfiguration section */

/* Begin XCConfigurationList section */
		D4568B5A1EC2AE1D00C77BA5 /* Build configuration list for PBXProject "JGPhotoBrowser" */ = {
			isa = XCConfigurationList;
			buildConfigurations = (
				D4568B741EC2AE1D00C77BA5 /* Debug */,
				D4568B751EC2AE1D00C77BA5 /* Release */,
			);
			defaultConfigurationIsVisible = 0;
			defaultConfigurationName = Release;
		};
		D4568B761EC2AE1D00C77BA5 /* Build configuration list for PBXNativeTarget "JGPhotoBrowser" */ = {
			isa = XCConfigurationList;
			buildConfigurations = (
				D4568B771EC2AE1D00C77BA5 /* Debug */,
				D4568B781EC2AE1D00C77BA5 /* Release */,
			);
			defaultConfigurationIsVisible = 0;
			defaultConfigurationName = Release;
		};
/* End XCConfigurationList section */
	};
	rootObject = D4568B571EC2AE1D00C77BA5 /* Project object */;
}
