// !$*UTF8*$!
{
	archiveVersion = 1;
	classes = {
	};
	objectVersion = 48;
	objects = {

/* Begin PBXBuildFile section */
		7578E805EDF48EA1DB0E6F0E /* Pods_JGPhotoBrowserDemo.framework in Frameworks */ = {isa = PBXBuildFile; fileRef = FE46849ACA5B8281BA48CFC3 /* Pods_JGPhotoBrowserDemo.framework */; };
		D4D1D859205F8E4400AA4B61 /* AppDelegate.m in Sources */ = {isa = PBXBuildFile; fileRef = D4D1D858205F8E4400AA4B61 /* AppDelegate.m */; };
		D4D1D861205F8E4400AA4B61 /* Assets.xcassets in Resources */ = {isa = PBXBuildFile; fileRef = D4D1D860205F8E4400AA4B61 /* Assets.xcassets */; };
		D4D1D867205F8E4400AA4B61 /* main.m in Sources */ = {isa = PBXBuildFile; fileRef = D4D1D866205F8E4400AA4B61 /* main.m */; };
		D4D1D86F205F8EBB00AA4B61 /* ViewController.m in Sources */ = {isa = PBXBuildFile; fileRef = D4D1D86E205F8EBB00AA4B61 /* ViewController.m */; };
		D4D1D874205F8EF600AA4B61 /* JGDemoTableData.m in Sources */ = {isa = PBXBuildFile; fileRef = D4D1D873205F8EF600AA4B61 /* JGDemoTableData.m */; };
		D4D1D877205F8F2E00AA4B61 /* DemoCollectionViewController.m in Sources */ = {isa = PBXBuildFile; fileRef = D4D1D876205F8F2E00AA4B61 /* DemoCollectionViewController.m */; };
		D4D1D87A205F8FD400AA4B61 /* DemoCollectionViewCell.m in Sources */ = {isa = PBXBuildFile; fileRef = D4D1D879205F8FD400AA4B61 /* DemoCollectionViewCell.m */; };
		D4D1D87C205FB2B000AA4B61 /* LaunchScreen.storyboard in Resources */ = {isa = PBXBuildFile; fileRef = D4D1D87B205FB2B000AA4B61 /* LaunchScreen.storyboard */; };
/* End PBXBuildFile section */

/* Begin PBXFileReference section */
		930BF576994A92F692F3E854 /* Pods-JGPhotoBrowserDemo.debug.xcconfig */ = {isa = PBXFileReference; includeInIndex = 1; lastKnownFileType = text.xcconfig; name = "Pods-JGPhotoBrowserDemo.debug.xcconfig"; path = "../Pods/Target Support Files/Pods-JGPhotoBrowserDemo/Pods-JGPhotoBrowserDemo.debug.xcconfig"; sourceTree = "<group>"; };
		A0981DBD4D0621BF27E0E530 /* Pods-JGPhotoBrowserDemo.release.xcconfig */ = {isa = PBXFileReference; includeInIndex = 1; lastKnownFileType = text.xcconfig; name = "Pods-JGPhotoBrowserDemo.release.xcconfig"; path = "../Pods/Target Support Files/Pods-JGPhotoBrowserDemo/Pods-JGPhotoBrowserDemo.release.xcconfig"; sourceTree = "<group>"; };
		D4D1D854205F8E4400AA4B61 /* JGPhotoBrowserDemo.app */ = {isa = PBXFileReference; explicitFileType = wrapper.application; includeInIndex = 0; path = JGPhotoBrowserDemo.app; sourceTree = BUILT_PRODUCTS_DIR; };
		D4D1D857205F8E4400AA4B61 /* AppDelegate.h */ = {isa = PBXFileReference; lastKnownFileType = sourcecode.c.h; path = AppDelegate.h; sourceTree = "<group>"; };
		D4D1D858205F8E4400AA4B61 /* AppDelegate.m */ = {isa = PBXFileReference; lastKnownFileType = sourcecode.c.objc; path = AppDelegate.m; sourceTree = "<group>"; };
		D4D1D860205F8E4400AA4B61 /* Assets.xcassets */ = {isa = PBXFileReference; lastKnownFileType = folder.assetcatalog; path = Assets.xcassets; sourceTree = "<group>"; };
		D4D1D865205F8E4400AA4B61 /* Info.plist */ = {isa = PBXFileReference; lastKnownFileType = text.plist.xml; path = Info.plist; sourceTree = "<group>"; };
		D4D1D866205F8E4400AA4B61 /* main.m */ = {isa = PBXFileReference; lastKnownFileType = sourcecode.c.objc; path = main.m; sourceTree = "<group>"; };
		D4D1D86D205F8EBB00AA4B61 /* ViewController.h */ = {isa = PBXFileReference; lastKnownFileType = sourcecode.c.h; path = ViewController.h; sourceTree = "<group>"; };
		D4D1D86E205F8EBB00AA4B61 /* ViewController.m */ = {isa = PBXFileReference; lastKnownFileType = sourcecode.c.objc; path = ViewController.m; sourceTree = "<group>"; };
		D4D1D872205F8EF600AA4B61 /* JGDemoTableData.h */ = {isa = PBXFileReference; fileEncoding = 4; lastKnownFileType = sourcecode.c.h; path = JGDemoTableData.h; sourceTree = "<group>"; };
		D4D1D873205F8EF600AA4B61 /* JGDemoTableData.m */ = {isa = PBXFileReference; fileEncoding = 4; lastKnownFileType = sourcecode.c.objc; path = JGDemoTableData.m; sourceTree = "<group>"; };
		D4D1D875205F8F2E00AA4B61 /* DemoCollectionViewController.h */ = {isa = PBXFileReference; lastKnownFileType = sourcecode.c.h; path = DemoCollectionViewController.h; sourceTree = "<group>"; };
		D4D1D876205F8F2E00AA4B61 /* DemoCollectionViewController.m */ = {isa = PBXFileReference; lastKnownFileType = sourcecode.c.objc; path = DemoCollectionViewController.m; sourceTree = "<group>"; };
		D4D1D878205F8FD400AA4B61 /* DemoCollectionViewCell.h */ = {isa = PBXFileReference; lastKnownFileType = sourcecode.c.h; path = DemoCollectionViewCell.h; sourceTree = "<group>"; };
		D4D1D879205F8FD400AA4B61 /* DemoCollectionViewCell.m */ = {isa = PBXFileReference; lastKnownFileType = sourcecode.c.objc; path = DemoCollectionViewCell.m; sourceTree = "<group>"; };
		D4D1D87B205FB2B000AA4B61 /* LaunchScreen.storyboard */ = {isa = PBXFileReference; lastKnownFileType = file.storyboard; path = LaunchScreen.storyboard; sourceTree = "<group>"; };
		FE46849ACA5B8281BA48CFC3 /* Pods_JGPhotoBrowserDemo.framework */ = {isa = PBXFileReference; explicitFileType = wrapper.framework; includeInIndex = 0; path = Pods_JGPhotoBrowserDemo.framework; sourceTree = BUILT_PRODUCTS_DIR; };
/* End PBXFileReference section */

/* Begin PBXFrameworksBuildPhase section */
		D4D1D851205F8E4400AA4B61 /* Frameworks */ = {
			isa = PBXFrameworksBuildPhase;
			buildActionMask = 2147483647;
			files = (
				7578E805EDF48EA1DB0E6F0E /* Pods_JGPhotoBrowserDemo.framework in Frameworks */,
			);
			runOnlyForDeploymentPostprocessing = 0;
		};
/* End PBXFrameworksBuildPhase section */

/* Begin PBXGroup section */
		50051BB04C1549338751B3B0 /* Frameworks */ = {
			isa = PBXGroup;
			children = (
				FE46849ACA5B8281BA48CFC3 /* Pods_JGPhotoBrowserDemo.framework */,
			);
			name = Frameworks;
			sourceTree = "<group>";
		};
		D4D1D84B205F8E4400AA4B61 = {
			isa = PBXGroup;
			children = (
				D4D1D856205F8E4400AA4B61 /* JGPhotoBrowserDemo */,
				D4D1D855205F8E4400AA4B61 /* Products */,
				FCA7EDCCF4DBB067BA9B70B5 /* Pods */,
				50051BB04C1549338751B3B0 /* Frameworks */,
			);
			sourceTree = "<group>";
		};
		D4D1D855205F8E4400AA4B61 /* Products */ = {
			isa = PBXGroup;
			children = (
				D4D1D854205F8E4400AA4B61 /* JGPhotoBrowserDemo.app */,
			);
			name = Products;
			sourceTree = "<group>";
		};
		D4D1D856205F8E4400AA4B61 /* JGPhotoBrowserDemo */ = {
			isa = PBXGroup;
			children = (
				D4D1D870205F8EF600AA4B61 /* Classes */,
				D4D1D857205F8E4400AA4B61 /* AppDelegate.h */,
				D4D1D858205F8E4400AA4B61 /* AppDelegate.m */,
				D4D1D86D205F8EBB00AA4B61 /* ViewController.h */,
				D4D1D86E205F8EBB00AA4B61 /* ViewController.m */,
				D4D1D860205F8E4400AA4B61 /* Assets.xcassets */,
				D4D1D865205F8E4400AA4B61 /* Info.plist */,
				D4D1D87B205FB2B000AA4B61 /* LaunchScreen.storyboard */,
				D4D1D866205F8E4400AA4B61 /* main.m */,
			);
			path = JGPhotoBrowserDemo;
			sourceTree = "<group>";
		};
		D4D1D870205F8EF600AA4B61 /* Classes */ = {
			isa = PBXGroup;
			children = (
				D4D1D871205F8EF600AA4B61 /* Base */,
				D4D1D878205F8FD400AA4B61 /* DemoCollectionViewCell.h */,
				D4D1D879205F8FD400AA4B61 /* DemoCollectionViewCell.m */,
				D4D1D875205F8F2E00AA4B61 /* DemoCollectionViewController.h */,
				D4D1D876205F8F2E00AA4B61 /* DemoCollectionViewController.m */,
			);
			path = Classes;
			sourceTree = "<group>";
		};
		D4D1D871205F8EF600AA4B61 /* Base */ = {
			isa = PBXGroup;
			children = (
				D4D1D872205F8EF600AA4B61 /* JGDemoTableData.h */,
				D4D1D873205F8EF600AA4B61 /* JGDemoTableData.m */,
			);
			path = Base;
			sourceTree = "<group>";
		};
		FCA7EDCCF4DBB067BA9B70B5 /* Pods */ = {
			isa = PBXGroup;
			children = (
				930BF576994A92F692F3E854 /* Pods-JGPhotoBrowserDemo.debug.xcconfig */,
				A0981DBD4D0621BF27E0E530 /* Pods-JGPhotoBrowserDemo.release.xcconfig */,
			);
			name = Pods;
			sourceTree = "<group>";
		};
/* End PBXGroup section */

/* Begin PBXNativeTarget section */
		D4D1D853205F8E4400AA4B61 /* JGPhotoBrowserDemo */ = {
			isa = PBXNativeTarget;
			buildConfigurationList = D4D1D86A205F8E4400AA4B61 /* Build configuration list for PBXNativeTarget "JGPhotoBrowserDemo" */;
			buildPhases = (
				9530640B6D3D8EF84A824E42 /* [CP] Check Pods Manifest.lock */,
				D4D1D850205F8E4400AA4B61 /* Sources */,
				D4D1D851205F8E4400AA4B61 /* Frameworks */,
				D4D1D852205F8E4400AA4B61 /* Resources */,
				EE48E20401BA6ADEE96DF6A0 /* [CP] Embed Pods Frameworks */,
				A62EC11ECF9B31F8D7CACFD3 /* [CP] Copy Pods Resources */,
			);
			buildRules = (
			);
			dependencies = (
			);
			name = JGPhotoBrowserDemo;
			productName = JGPhotoBrowserDemo;
			productReference = D4D1D854205F8E4400AA4B61 /* JGPhotoBrowserDemo.app */;
			productType = "com.apple.product-type.application";
		};
/* End PBXNativeTarget section */

/* Begin PBXProject section */
		D4D1D84C205F8E4400AA4B61 /* Project object */ = {
			isa = PBXProject;
			attributes = {
				LastUpgradeCheck = 0920;
				ORGANIZATIONNAME = MeiJigao;
				TargetAttributes = {
					D4D1D853205F8E4400AA4B61 = {
						CreatedOnToolsVersion = 9.2;
						ProvisioningStyle = Automatic;
					};
				};
			};
			buildConfigurationList = D4D1D84F205F8E4400AA4B61 /* Build configuration list for PBXProject "JGPhotoBrowserDemo" */;
			compatibilityVersion = "Xcode 8.0";
			developmentRegion = en;
			hasScannedForEncodings = 0;
			knownRegions = (
				en,
				Base,
			);
			mainGroup = D4D1D84B205F8E4400AA4B61;
			productRefGroup = D4D1D855205F8E4400AA4B61 /* Products */;
			projectDirPath = "";
			projectRoot = "";
			targets = (
				D4D1D853205F8E4400AA4B61 /* JGPhotoBrowserDemo */,
			);
		};
/* End PBXProject section */

/* Begin PBXResourcesBuildPhase section */
		D4D1D852205F8E4400AA4B61 /* Resources */ = {
			isa = PBXResourcesBuildPhase;
			buildActionMask = 2147483647;
			files = (
				D4D1D861205F8E4400AA4B61 /* Assets.xcassets in Resources */,
				D4D1D87C205FB2B000AA4B61 /* LaunchScreen.storyboard in Resources */,
			);
			runOnlyForDeploymentPostprocessing = 0;
		};
/* End PBXResourcesBuildPhase section */

/* Begin PBXShellScriptBuildPhase section */
		9530640B6D3D8EF84A824E42 /* [CP] Check Pods Manifest.lock */ = {
			isa = PBXShellScriptBuildPhase;
			buildActionMask = 2147483647;
			files = (
			);
			inputPaths = (
				"${PODS_PODFILE_DIR_PATH}/Podfile.lock",
				"${PODS_ROOT}/Manifest.lock",
			);
			name = "[CP] Check Pods Manifest.lock";
			outputPaths = (
				"$(DERIVED_FILE_DIR)/Pods-JGPhotoBrowserDemo-checkManifestLockResult.txt",
			);
			runOnlyForDeploymentPostprocessing = 0;
			shellPath = /bin/sh;
			shellScript = "diff \"${PODS_PODFILE_DIR_PATH}/Podfile.lock\" \"${PODS_ROOT}/Manifest.lock\" > /dev/null\nif [ $? != 0 ] ; then\n    # print error to STDERR\n    echo \"error: The sandbox is not in sync with the Podfile.lock. Run 'pod install' or update your CocoaPods installation.\" >&2\n    exit 1\nfi\n# This output is used by Xcode 'outputs' to avoid re-running this script phase.\necho \"SUCCESS\" > \"${SCRIPT_OUTPUT_FILE_0}\"\n";
			showEnvVarsInLog = 0;
		};
		A62EC11ECF9B31F8D7CACFD3 /* [CP] Copy Pods Resources */ = {
			isa = PBXShellScriptBuildPhase;
			buildActionMask = 2147483647;
			files = (
			);
			inputPaths = (
			);
			name = "[CP] Copy Pods Resources";
			outputPaths = (
			);
			runOnlyForDeploymentPostprocessing = 0;
			shellPath = /bin/sh;
			shellScript = "\"${SRCROOT}/../Pods/Target Support Files/Pods-JGPhotoBrowserDemo/Pods-JGPhotoBrowserDemo-resources.sh\"\n";
			showEnvVarsInLog = 0;
		};
		EE48E20401BA6ADEE96DF6A0 /* [CP] Embed Pods Frameworks */ = {
			isa = PBXShellScriptBuildPhase;
			buildActionMask = 2147483647;
			files = (
			);
			inputPaths = (
				"${SRCROOT}/../Pods/Target Support Files/Pods-JGPhotoBrowserDemo/Pods-JGPhotoBrowserDemo-frameworks.sh",
				"${BUILT_PRODUCTS_DIR}/FLAnimatedImage/FLAnimatedImage.framework",
				"${BUILT_PRODUCTS_DIR}/JGPhotoBrowser/JGPhotoBrowser.framework",
				"${BUILT_PRODUCTS_DIR}/JGSourceBase/JGSourceBase.framework",
				"${BUILT_PRODUCTS_DIR}/SDWebImage/SDWebImage.framework",
			);
			name = "[CP] Embed Pods Frameworks";
			outputPaths = (
				"${TARGET_BUILD_DIR}/${FRAMEWORKS_FOLDER_PATH}/FLAnimatedImage.framework",
				"${TARGET_BUILD_DIR}/${FRAMEWORKS_FOLDER_PATH}/JGPhotoBrowser.framework",
				"${TARGET_BUILD_DIR}/${FRAMEWORKS_FOLDER_PATH}/JGSourceBase.framework",
				"${TARGET_BUILD_DIR}/${FRAMEWORKS_FOLDER_PATH}/SDWebImage.framework",
			);
			runOnlyForDeploymentPostprocessing = 0;
			shellPath = /bin/sh;
			shellScript = "\"${SRCROOT}/../Pods/Target Support Files/Pods-JGPhotoBrowserDemo/Pods-JGPhotoBrowserDemo-frameworks.sh\"\n";
			showEnvVarsInLog = 0;
		};
/* End PBXShellScriptBuildPhase section */

/* Begin PBXSourcesBuildPhase section */
		D4D1D850205F8E4400AA4B61 /* Sources */ = {
			isa = PBXSourcesBuildPhase;
			buildActionMask = 2147483647;
			files = (
				D4D1D874205F8EF600AA4B61 /* JGDemoTableData.m in Sources */,
				D4D1D86F205F8EBB00AA4B61 /* ViewController.m in Sources */,
				D4D1D867205F8E4400AA4B61 /* main.m in Sources */,
				D4D1D87A205F8FD400AA4B61 /* DemoCollectionViewCell.m in Sources */,
				D4D1D877205F8F2E00AA4B61 /* DemoCollectionViewController.m in Sources */,
				D4D1D859205F8E4400AA4B61 /* AppDelegate.m in Sources */,
			);
			runOnlyForDeploymentPostprocessing = 0;
		};
/* End PBXSourcesBuildPhase section */

/* Begin XCBuildConfiguration section */
		D4D1D868205F8E4400AA4B61 /* Debug */ = {
			isa = XCBuildConfiguration;
			buildSettings = {
				ALWAYS_SEARCH_USER_PATHS = NO;
				CLANG_ANALYZER_NONNULL = YES;
				CLANG_ANALYZER_NUMBER_OBJECT_CONVERSION = YES_AGGRESSIVE;
				CLANG_CXX_LANGUAGE_STANDARD = "gnu++14";
				CLANG_CXX_LIBRARY = "libc++";
				CLANG_ENABLE_MODULES = YES;
				CLANG_ENABLE_OBJC_ARC = YES;
				CLANG_WARN_BLOCK_CAPTURE_AUTORELEASING = YES;
				CLANG_WARN_BOOL_CONVERSION = YES;
				CLANG_WARN_COMMA = YES;
				CLANG_WARN_CONSTANT_CONVERSION = YES;
				CLANG_WARN_DIRECT_OBJC_ISA_USAGE = YES_ERROR;
				CLANG_WARN_DOCUMENTATION_COMMENTS = YES;
				CLANG_WARN_EMPTY_BODY = YES;
				CLANG_WARN_ENUM_CONVERSION = YES;
				CLANG_WARN_INFINITE_RECURSION = YES;
				CLANG_WARN_INT_CONVERSION = YES;
				CLANG_WARN_NON_LITERAL_NULL_CONVERSION = YES;
				CLANG_WARN_OBJC_LITERAL_CONVERSION = YES;
				CLANG_WARN_OBJC_ROOT_CLASS = YES_ERROR;
				CLANG_WARN_RANGE_LOOP_ANALYSIS = YES;
				CLANG_WARN_STRICT_PROTOTYPES = YES;
				CLANG_WARN_SUSPICIOUS_MOVE = YES;
				CLANG_WARN_UNGUARDED_AVAILABILITY = YES_AGGRESSIVE;
				CLANG_WARN_UNREACHABLE_CODE = YES;
				CLANG_WARN__DUPLICATE_METHOD_MATCH = YES;
				CODE_SIGN_IDENTITY = "iPhone Developer";
				COPY_PHASE_STRIP = NO;
				DEBUG_INFORMATION_FORMAT = dwarf;
				ENABLE_STRICT_OBJC_MSGSEND = YES;
				ENABLE_TESTABILITY = YES;
				GCC_C_LANGUAGE_STANDARD = gnu11;
				GCC_DYNAMIC_NO_PIC = NO;
				GCC_NO_COMMON_BLOCKS = YES;
				GCC_OPTIMIZATION_LEVEL = 0;
				GCC_PREPROCESSOR_DEFINITIONS = (
					"DEBUG=1",
					"$(inherited)",
				);
				GCC_WARN_64_TO_32_BIT_CONVERSION = YES;
				GCC_WARN_ABOUT_RETURN_TYPE = YES_ERROR;
				GCC_WARN_UNDECLARED_SELECTOR = YES;
				GCC_WARN_UNINITIALIZED_AUTOS = YES_AGGRESSIVE;
				GCC_WARN_UNUSED_FUNCTION = YES;
				GCC_WARN_UNUSED_VARIABLE = YES;
				IPHONEOS_DEPLOYMENT_TARGET = 9.0;
				MTL_ENABLE_DEBUG_INFO = YES;
				ONLY_ACTIVE_ARCH = YES;
				SDKROOT = iphoneos;
			};
			name = Debug;
		};
		D4D1D869205F8E4400AA4B61 /* Release */ = {
			isa = XCBuildConfiguration;
			buildSettings = {
				ALWAYS_SEARCH_USER_PATHS = NO;
				CLANG_ANALYZER_NONNULL = YES;
				CLANG_ANALYZER_NUMBER_OBJECT_CONVERSION = YES_AGGRESSIVE;
				CLANG_CXX_LANGUAGE_STANDARD = "gnu++14";
				CLANG_CXX_LIBRARY = "libc++";
				CLANG_ENABLE_MODULES = YES;
				CLANG_ENABLE_OBJC_ARC = YES;
				CLANG_WARN_BLOCK_CAPTURE_AUTORELEASING = YES;
				CLANG_WARN_BOOL_CONVERSION = YES;
				CLANG_WARN_COMMA = YES;
				CLANG_WARN_CONSTANT_CONVERSION = YES;
				CLANG_WARN_DIRECT_OBJC_ISA_USAGE = YES_ERROR;
				CLANG_WARN_DOCUMENTATION_COMMENTS = YES;
				CLANG_WARN_EMPTY_BODY = YES;
				CLANG_WARN_ENUM_CONVERSION = YES;
				CLANG_WARN_INFINITE_RECURSION = YES;
				CLANG_WARN_INT_CONVERSION = YES;
				CLANG_WARN_NON_LITERAL_NULL_CONVERSION = YES;
				CLANG_WARN_OBJC_LITERAL_CONVERSION = YES;
				CLANG_WARN_OBJC_ROOT_CLASS = YES_ERROR;
				CLANG_WARN_RANGE_LOOP_ANALYSIS = YES;
				CLANG_WARN_STRICT_PROTOTYPES = YES;
				CLANG_WARN_SUSPICIOUS_MOVE = YES;
				CLANG_WARN_UNGUARDED_AVAILABILITY = YES_AGGRESSIVE;
				CLANG_WARN_UNREACHABLE_CODE = YES;
				CLANG_WARN__DUPLICATE_METHOD_MATCH = YES;
				CODE_SIGN_IDENTITY = "iPhone Developer";
				COPY_PHASE_STRIP = NO;
				DEBUG_INFORMATION_FORMAT = "dwarf-with-dsym";
				ENABLE_NS_ASSERTIONS = NO;
				ENABLE_STRICT_OBJC_MSGSEND = YES;
				GCC_C_LANGUAGE_STANDARD = gnu11;
				GCC_NO_COMMON_BLOCKS = YES;
				GCC_WARN_64_TO_32_BIT_CONVERSION = YES;
				GCC_WARN_ABOUT_RETURN_TYPE = YES_ERROR;
				GCC_WARN_UNDECLARED_SELECTOR = YES;
				GCC_WARN_UNINITIALIZED_AUTOS = YES_AGGRESSIVE;
				GCC_WARN_UNUSED_FUNCTION = YES;
				GCC_WARN_UNUSED_VARIABLE = YES;
				IPHONEOS_DEPLOYMENT_TARGET = 9.0;
				MTL_ENABLE_DEBUG_INFO = NO;
				SDKROOT = iphoneos;
				VALIDATE_PRODUCT = YES;
			};
			name = Release;
		};
		D4D1D86B205F8E4400AA4B61 /* Debug */ = {
			isa = XCBuildConfiguration;
			baseConfigurationReference = 930BF576994A92F692F3E854 /* Pods-JGPhotoBrowserDemo.debug.xcconfig */;
			buildSettings = {
				ASSETCATALOG_COMPILER_APPICON_NAME = AppIcon;
				CODE_SIGN_STYLE = Automatic;
				DEVELOPMENT_TEAM = 27ZN797VLM;
				INFOPLIST_FILE = JGPhotoBrowserDemo/Info.plist;
				LD_RUNPATH_SEARCH_PATHS = "$(inherited) @executable_path/Frameworks";
				PRODUCT_BUNDLE_IDENTIFIER = com.MeiJigao.JGPhotoBrowserDemo;
				PRODUCT_NAME = "$(TARGET_NAME)";
				TARGETED_DEVICE_FAMILY = "1,2";
			};
			name = Debug;
		};
		D4D1D86C205F8E4400AA4B61 /* Release */ = {
			isa = XCBuildConfiguration;
			baseConfigurationReference = A0981DBD4D0621BF27E0E530 /* Pods-JGPhotoBrowserDemo.release.xcconfig */;
			buildSettings = {
				ASSETCATALOG_COMPILER_APPICON_NAME = AppIcon;
				CODE_SIGN_STYLE = Automatic;
				DEVELOPMENT_TEAM = 27ZN797VLM;
				INFOPLIST_FILE = JGPhotoBrowserDemo/Info.plist;
				LD_RUNPATH_SEARCH_PATHS = "$(inherited) @executable_path/Frameworks";
				PRODUCT_BUNDLE_IDENTIFIER = com.MeiJigao.JGPhotoBrowserDemo;
				PRODUCT_NAME = "$(TARGET_NAME)";
				TARGETED_DEVICE_FAMILY = "1,2";
			};
			name = Release;
		};
/* End XCBuildConfiguration section */

/* Begin XCConfigurationList section */
		D4D1D84F205F8E4400AA4B61 /* Build configuration list for PBXProject "JGPhotoBrowserDemo" */ = {
			isa = XCConfigurationList;
			buildConfigurations = (
				D4D1D868205F8E4400AA4B61 /* Debug */,
				D4D1D869205F8E4400AA4B61 /* Release */,
			);
			defaultConfigurationIsVisible = 0;
			defaultConfigurationName = Release;
		};
		D4D1D86A205F8E4400AA4B61 /* Build configuration list for PBXNativeTarget "JGPhotoBrowserDemo" */ = {
			isa = XCConfigurationList;
			buildConfigurations = (
				D4D1D86B205F8E4400AA4B61 /* Debug */,
				D4D1D86C205F8E4400AA4B61 /* Release */,
			);
			defaultConfigurationIsVisible = 0;
			defaultConfigurationName = Release;
		};
/* End XCConfigurationList section */
	};
	rootObject = D4D1D84C205F8E4400AA4B61 /* Project object */;
}
